// !$*UTF8*$!
{
	archiveVersion = 1;
	classes = {
	};
	objectVersion = 56;
	objects = {

/* Begin PBXBuildFile section */
		97532FC92B8985B200BA04F9 /* N_FriendApp.swift in Sources */ = {isa = PBXBuildFile; fileRef = 97532FC82B8985B200BA04F9 /* N_FriendApp.swift */; };
		97532FCB2B8985B200BA04F9 /* ContentView.swift in Sources */ = {isa = PBXBuildFile; fileRef = 97532FCA2B8985B200BA04F9 /* ContentView.swift */; };
		97532FCD2B8985B700BA04F9 /* Assets.xcassets in Resources */ = {isa = PBXBuildFile; fileRef = 97532FCC2B8985B700BA04F9 /* Assets.xcassets */; };
		97532FD02B8985B700BA04F9 /* Preview Assets.xcassets in Resources */ = {isa = PBXBuildFile; fileRef = 97532FCF2B8985B700BA04F9 /* Preview Assets.xcassets */; };
		97532FD92B89867A00BA04F9 /* LoginView.swift in Sources */ = {isa = PBXBuildFile; fileRef = 97532FD82B89867A00BA04F9 /* LoginView.swift */; };
		97532FDB2B89896E00BA04F9 /* InterestedSelectionView.swift in Sources */ = {isa = PBXBuildFile; fileRef = 97532FDA2B89896E00BA04F9 /* InterestedSelectionView.swift */; };
		97532FDD2B89BC8B00BA04F9 /* CardSwipeView.swift in Sources */ = {isa = PBXBuildFile; fileRef = 97532FDC2B89BC8B00BA04F9 /* CardSwipeView.swift */; };
		97532FDF2B89CDD500BA04F9 /* CardView.swift in Sources */ = {isa = PBXBuildFile; fileRef = 97532FDE2B89CDD500BA04F9 /* CardView.swift */; };
		97532FE22B89D2EB00BA04F9 /* ProfileView.swift in Sources */ = {isa = PBXBuildFile; fileRef = 97532FE12B89D2EB00BA04F9 /* ProfileView.swift */; };
		97532FE62B8A2DD700BA04F9 /* StarView.swift in Sources */ = {isa = PBXBuildFile; fileRef = 97532FE52B8A2DD700BA04F9 /* StarView.swift */; };
/* End PBXBuildFile section */

/* Begin PBXFileReference section */
		97532FC52B8985B200BA04F9 /* N-Friend.app */ = {isa = PBXFileReference; explicitFileType = wrapper.application; includeInIndex = 0; path = "N-Friend.app"; sourceTree = BUILT_PRODUCTS_DIR; };
		97532FC82B8985B200BA04F9 /* N_FriendApp.swift */ = {isa = PBXFileReference; lastKnownFileType = sourcecode.swift; path = N_FriendApp.swift; sourceTree = "<group>"; };
		97532FCA2B8985B200BA04F9 /* ContentView.swift */ = {isa = PBXFileReference; lastKnownFileType = sourcecode.swift; path = ContentView.swift; sourceTree = "<group>"; };
		97532FCC2B8985B700BA04F9 /* Assets.xcassets */ = {isa = PBXFileReference; lastKnownFileType = folder.assetcatalog; path = Assets.xcassets; sourceTree = "<group>"; };
		97532FCF2B8985B700BA04F9 /* Preview Assets.xcassets */ = {isa = PBXFileReference; lastKnownFileType = folder.assetcatalog; path = "Preview Assets.xcassets"; sourceTree = "<group>"; };
		97532FD82B89867A00BA04F9 /* LoginView.swift */ = {isa = PBXFileReference; lastKnownFileType = sourcecode.swift; path = LoginView.swift; sourceTree = "<group>"; };
		97532FDA2B89896E00BA04F9 /* InterestedSelectionView.swift */ = {isa = PBXFileReference; lastKnownFileType = sourcecode.swift; path = InterestedSelectionView.swift; sourceTree = "<group>"; };
		97532FDC2B89BC8B00BA04F9 /* CardSwipeView.swift */ = {isa = PBXFileReference; lastKnownFileType = sourcecode.swift; path = CardSwipeView.swift; sourceTree = "<group>"; };
		97532FDE2B89CDD500BA04F9 /* CardView.swift */ = {isa = PBXFileReference; lastKnownFileType = sourcecode.swift; path = CardView.swift; sourceTree = "<group>"; };
		97532FE12B89D2EB00BA04F9 /* ProfileView.swift */ = {isa = PBXFileReference; lastKnownFileType = sourcecode.swift; path = ProfileView.swift; sourceTree = "<group>"; };
		97532FE52B8A2DD700BA04F9 /* StarView.swift */ = {isa = PBXFileReference; lastKnownFileType = sourcecode.swift; path = StarView.swift; sourceTree = "<group>"; };
/* End PBXFileReference section */

/* Begin PBXFrameworksBuildPhase section */
		97532FC22B8985B200BA04F9 /* Frameworks */ = {
			isa = PBXFrameworksBuildPhase;
			buildActionMask = 2147483647;
			files = (
			);
			runOnlyForDeploymentPostprocessing = 0;
		};
/* End PBXFrameworksBuildPhase section */

/* Begin PBXGroup section */
		97532FBC2B8985B200BA04F9 = {
			isa = PBXGroup;
			children = (
				97532FC72B8985B200BA04F9 /* N-Friend */,
				97532FC62B8985B200BA04F9 /* Products */,
			);
			sourceTree = "<group>";
		};
		97532FC62B8985B200BA04F9 /* Products */ = {
			isa = PBXGroup;
			children = (
				97532FC52B8985B200BA04F9 /* N-Friend.app */,
			);
			name = Products;
			sourceTree = "<group>";
		};
		97532FC72B8985B200BA04F9 /* N-Friend */ = {
			isa = PBXGroup;
			children = (
				97532FC82B8985B200BA04F9 /* N_FriendApp.swift */,
				97532FD72B89862A00BA04F9 /* Model */,
				97532FD62B89862500BA04F9 /* View */,
				97532FCC2B8985B700BA04F9 /* Assets.xcassets */,
				97532FCE2B8985B700BA04F9 /* Preview Content */,
			);
			path = "N-Friend";
			sourceTree = "<group>";
		};
		97532FCE2B8985B700BA04F9 /* Preview Content */ = {
			isa = PBXGroup;
			children = (
				97532FCF2B8985B700BA04F9 /* Preview Assets.xcassets */,
			);
			path = "Preview Content";
			sourceTree = "<group>";
		};
		97532FD62B89862500BA04F9 /* View */ = {
			isa = PBXGroup;
			children = (
				97532FD82B89867A00BA04F9 /* LoginView.swift */,
				97532FDA2B89896E00BA04F9 /* InterestedSelectionView.swift */,
				97532FCA2B8985B200BA04F9 /* ContentView.swift */,
				97532FE02B89D0EF00BA04F9 /* Card */,
				97532FE42B8A2DB600BA04F9 /* Star */,
				97532FE32B89DDF900BA04F9 /* Profile */,
			);
			path = View;
			sourceTree = "<group>";
		};
		97532FD72B89862A00BA04F9 /* Model */ = {
			isa = PBXGroup;
			children = (
			);
			path = Model;
			sourceTree = "<group>";
		};
		97532FE02B89D0EF00BA04F9 /* Card */ = {
			isa = PBXGroup;
			children = (
				97532FDE2B89CDD500BA04F9 /* CardView.swift */,
				97532FDC2B89BC8B00BA04F9 /* CardSwipeView.swift */,
			);
			path = Card;
			sourceTree = "<group>";
		};
		97532FE32B89DDF900BA04F9 /* Profile */ = {
			isa = PBXGroup;
			children = (
				97532FE12B89D2EB00BA04F9 /* ProfileView.swift */,
			);
			name = Profile;
			path = "N-Friend/View/Profile";
			sourceTree = SOURCE_ROOT;
		};
		97532FE42B8A2DB600BA04F9 /* Star */ = {
			isa = PBXGroup;
			children = (
				97532FE52B8A2DD700BA04F9 /* StarView.swift */,
			);
			path = Star;
			sourceTree = "<group>";
		};
/* End PBXGroup section */

/* Begin PBXNativeTarget section */
		97532FC42B8985B200BA04F9 /* N-Friend */ = {
			isa = PBXNativeTarget;
			buildConfigurationList = 97532FD32B8985B700BA04F9 /* Build configuration list for PBXNativeTarget "N-Friend" */;
			buildPhases = (
				97532FC12B8985B200BA04F9 /* Sources */,
				97532FC22B8985B200BA04F9 /* Frameworks */,
				97532FC32B8985B200BA04F9 /* Resources */,
			);
			buildRules = (
			);
			dependencies = (
			);
			name = "N-Friend";
			productName = "N-Friend";
			productReference = 97532FC52B8985B200BA04F9 /* N-Friend.app */;
			productType = "com.apple.product-type.application";
		};
/* End PBXNativeTarget section */

/* Begin PBXProject section */
		97532FBD2B8985B200BA04F9 /* Project object */ = {
			isa = PBXProject;
			attributes = {
				BuildIndependentTargetsInParallel = 1;
				LastSwiftUpdateCheck = 1510;
				LastUpgradeCheck = 1510;
				TargetAttributes = {
					97532FC42B8985B200BA04F9 = {
						CreatedOnToolsVersion = 15.1;
					};
				};
			};
			buildConfigurationList = 97532FC02B8985B200BA04F9 /* Build configuration list for PBXProject "N-Friend" */;
			compatibilityVersion = "Xcode 14.0";
			developmentRegion = en;
			hasScannedForEncodings = 0;
			knownRegions = (
				en,
				Base,
			);
			mainGroup = 97532FBC2B8985B200BA04F9;
			productRefGroup = 97532FC62B8985B200BA04F9 /* Products */;
			projectDirPath = "";
			projectRoot = "";
			targets = (
				97532FC42B8985B200BA04F9 /* N-Friend */,
			);
		};
/* End PBXProject section */

/* Begin PBXResourcesBuildPhase section */
		97532FC32B8985B200BA04F9 /* Resources */ = {
			isa = PBXResourcesBuildPhase;
			buildActionMask = 2147483647;
			files = (
				97532FD02B8985B700BA04F9 /* Preview Assets.xcassets in Resources */,
				97532FCD2B8985B700BA04F9 /* Assets.xcassets in Resources */,
			);
			runOnlyForDeploymentPostprocessing = 0;
		};
/* End PBXResourcesBuildPhase section */

/* Begin PBXSourcesBuildPhase section */
		97532FC12B8985B200BA04F9 /* Sources */ = {
			isa = PBXSourcesBuildPhase;
			buildActionMask = 2147483647;
			files = (
				97532FDD2B89BC8B00BA04F9 /* CardSwipeView.swift in Sources */,
				97532FDB2B89896E00BA04F9 /* InterestedSelectionView.swift in Sources */,
				97532FD92B89867A00BA04F9 /* LoginView.swift in Sources */,
				97532FCB2B8985B200BA04F9 /* ContentView.swift in Sources */,
				97532FDF2B89CDD500BA04F9 /* CardView.swift in Sources */,
				97532FE22B89D2EB00BA04F9 /* ProfileView.swift in Sources */,
				97532FE62B8A2DD700BA04F9 /* StarView.swift in Sources */,
				97532FC92B8985B200BA04F9 /* N_FriendApp.swift in Sources */,
			);
			runOnlyForDeploymentPostprocessing = 0;
		};
/* End PBXSourcesBuildPhase section */

/* Begin XCBuildConfiguration section */
		97532FD12B8985B700BA04F9 /* Debug */ = {
			isa = XCBuildConfiguration;
			buildSettings = {
				ALWAYS_SEARCH_USER_PATHS = NO;
				ASSETCATALOG_COMPILER_GENERATE_SWIFT_ASSET_SYMBOL_EXTENSIONS = YES;
				CLANG_ANALYZER_NONNULL = YES;
				CLANG_ANALYZER_NUMBER_OBJECT_CONVERSION = YES_AGGRESSIVE;
				CLANG_CXX_LANGUAGE_STANDARD = "gnu++20";
				CLANG_ENABLE_MODULES = YES;
				CLANG_ENABLE_OBJC_ARC = YES;
				CLANG_ENABLE_OBJC_WEAK = YES;
				CLANG_WARN_BLOCK_CAPTURE_AUTORELEASING = YES;
				CLANG_WARN_BOOL_CONVERSION = YES;
				CLANG_WARN_COMMA = YES;
				CLANG_WARN_CONSTANT_CONVERSION = YES;
				CLANG_WARN_DEPRECATED_OBJC_IMPLEMENTATIONS = YES;
				CLANG_WARN_DIRECT_OBJC_ISA_USAGE = YES_ERROR;
				CLANG_WARN_DOCUMENTATION_COMMENTS = YES;
				CLANG_WARN_EMPTY_BODY = YES;
				CLANG_WARN_ENUM_CONVERSION = YES;
				CLANG_WARN_INFINITE_RECURSION = YES;
				CLANG_WARN_INT_CONVERSION = YES;
				CLANG_WARN_NON_LITERAL_NULL_CONVERSION = YES;
				CLANG_WARN_OBJC_IMPLICIT_RETAIN_SELF = YES;
				CLANG_WARN_OBJC_LITERAL_CONVERSION = YES;
				CLANG_WARN_OBJC_ROOT_CLASS = YES_ERROR;
				CLANG_WARN_QUOTED_INCLUDE_IN_FRAMEWORK_HEADER = YES;
				CLANG_WARN_RANGE_LOOP_ANALYSIS = YES;
				CLANG_WARN_STRICT_PROTOTYPES = YES;
				CLANG_WARN_SUSPICIOUS_MOVE = YES;
				CLANG_WARN_UNGUARDED_AVAILABILITY = YES_AGGRESSIVE;
				CLANG_WARN_UNREACHABLE_CODE = YES;
				CLANG_WARN__DUPLICATE_METHOD_MATCH = YES;
				COPY_PHASE_STRIP = NO;
				DEBUG_INFORMATION_FORMAT = dwarf;
				ENABLE_STRICT_OBJC_MSGSEND = YES;
				ENABLE_TESTABILITY = YES;
				ENABLE_USER_SCRIPT_SANDBOXING = YES;
				GCC_C_LANGUAGE_STANDARD = gnu17;
				GCC_DYNAMIC_NO_PIC = NO;
				GCC_NO_COMMON_BLOCKS = YES;
				GCC_OPTIMIZATION_LEVEL = 0;
				GCC_PREPROCESSOR_DEFINITIONS = (
					"DEBUG=1",
					"$(inherited)",
				);
				GCC_WARN_64_TO_32_BIT_CONVERSION = YES;
				GCC_WARN_ABOUT_RETURN_TYPE = YES_ERROR;
				GCC_WARN_UNDECLARED_SELECTOR = YES;
				GCC_WARN_UNINITIALIZED_AUTOS = YES_AGGRESSIVE;
				GCC_WARN_UNUSED_FUNCTION = YES;
				GCC_WARN_UNUSED_VARIABLE = YES;
				IPHONEOS_DEPLOYMENT_TARGET = 17.2;
				LOCALIZATION_PREFERS_STRING_CATALOGS = YES;
				MTL_ENABLE_DEBUG_INFO = INCLUDE_SOURCE;
				MTL_FAST_MATH = YES;
				ONLY_ACTIVE_ARCH = YES;
				SDKROOT = iphoneos;
				SWIFT_ACTIVE_COMPILATION_CONDITIONS = "DEBUG $(inherited)";
				SWIFT_OPTIMIZATION_LEVEL = "-Onone";
			};
			name = Debug;
		};
		97532FD22B8985B700BA04F9 /* Release */ = {
			isa = XCBuildConfiguration;
			buildSettings = {
				ALWAYS_SEARCH_USER_PATHS = NO;
				ASSETCATALOG_COMPILER_GENERATE_SWIFT_ASSET_SYMBOL_EXTENSIONS = YES;
				CLANG_ANALYZER_NONNULL = YES;
				CLANG_ANALYZER_NUMBER_OBJECT_CONVERSION = YES_AGGRESSIVE;
				CLANG_CXX_LANGUAGE_STANDARD = "gnu++20";
				CLANG_ENABLE_MODULES = YES;
				CLANG_ENABLE_OBJC_ARC = YES;
				CLANG_ENABLE_OBJC_WEAK = YES;
				CLANG_WARN_BLOCK_CAPTURE_AUTORELEASING = YES;
				CLANG_WARN_BOOL_CONVERSION = YES;
				CLANG_WARN_COMMA = YES;
				CLANG_WARN_CONSTANT_CONVERSION = YES;
				CLANG_WARN_DEPRECATED_OBJC_IMPLEMENTATIONS = YES;
				CLANG_WARN_DIRECT_OBJC_ISA_USAGE = YES_ERROR;
				CLANG_WARN_DOCUMENTATION_COMMENTS = YES;
				CLANG_WARN_EMPTY_BODY = YES;
				CLANG_WARN_ENUM_CONVERSION = YES;
				CLANG_WARN_INFINITE_RECURSION = YES;
				CLANG_WARN_INT_CONVERSION = YES;
				CLANG_WARN_NON_LITERAL_NULL_CONVERSION = YES;
				CLANG_WARN_OBJC_IMPLICIT_RETAIN_SELF = YES;
				CLANG_WARN_OBJC_LITERAL_CONVERSION = YES;
				CLANG_WARN_OBJC_ROOT_CLASS = YES_ERROR;
				CLANG_WARN_QUOTED_INCLUDE_IN_FRAMEWORK_HEADER = YES;
				CLANG_WARN_RANGE_LOOP_ANALYSIS = YES;
				CLANG_WARN_STRICT_PROTOTYPES = YES;
				CLANG_WARN_SUSPICIOUS_MOVE = YES;
				CLANG_WARN_UNGUARDED_AVAILABILITY = YES_AGGRESSIVE;
				CLANG_WARN_UNREACHABLE_CODE = YES;
				CLANG_WARN__DUPLICATE_METHOD_MATCH = YES;
				COPY_PHASE_STRIP = NO;
				DEBUG_INFORMATION_FORMAT = "dwarf-with-dsym";
				ENABLE_NS_ASSERTIONS = NO;
				ENABLE_STRICT_OBJC_MSGSEND = YES;
				ENABLE_USER_SCRIPT_SANDBOXING = YES;
				GCC_C_LANGUAGE_STANDARD = gnu17;
				GCC_NO_COMMON_BLOCKS = YES;
				GCC_WARN_64_TO_32_BIT_CONVERSION = YES;
				GCC_WARN_ABOUT_RETURN_TYPE = YES_ERROR;
				GCC_WARN_UNDECLARED_SELECTOR = YES;
				GCC_WARN_UNINITIALIZED_AUTOS = YES_AGGRESSIVE;
				GCC_WARN_UNUSED_FUNCTION = YES;
				GCC_WARN_UNUSED_VARIABLE = YES;
				IPHONEOS_DEPLOYMENT_TARGET = 17.2;
				LOCALIZATION_PREFERS_STRING_CATALOGS = YES;
				MTL_ENABLE_DEBUG_INFO = NO;
				MTL_FAST_MATH = YES;
				SDKROOT = iphoneos;
				SWIFT_COMPILATION_MODE = wholemodule;
				VALIDATE_PRODUCT = YES;
			};
			name = Release;
		};
		97532FD42B8985B700BA04F9 /* Debug */ = {
			isa = XCBuildConfiguration;
			buildSettings = {
				ASSETCATALOG_COMPILER_APPICON_NAME = AppIcon;
				ASSETCATALOG_COMPILER_GLOBAL_ACCENT_COLOR_NAME = AccentColor;
				CODE_SIGN_STYLE = Automatic;
				CURRENT_PROJECT_VERSION = 1;
				DEVELOPMENT_ASSET_PATHS = "\"N-Friend/Preview Content\"";
				DEVELOPMENT_TEAM = PQ42DZZXUS;
				ENABLE_PREVIEWS = YES;
				GENERATE_INFOPLIST_FILE = YES;
				INFOPLIST_KEY_UIApplicationSceneManifest_Generation = YES;
				INFOPLIST_KEY_UIApplicationSupportsIndirectInputEvents = YES;
				INFOPLIST_KEY_UILaunchScreen_Generation = YES;
				INFOPLIST_KEY_UISupportedInterfaceOrientations_iPad = "UIInterfaceOrientationPortrait UIInterfaceOrientationPortraitUpsideDown UIInterfaceOrientationLandscapeLeft UIInterfaceOrientationLandscapeRight";
				INFOPLIST_KEY_UISupportedInterfaceOrientations_iPhone = "UIInterfaceOrientationPortrait UIInterfaceOrientationLandscapeLeft UIInterfaceOrientationLandscapeRight";
				LD_RUNPATH_SEARCH_PATHS = (
					"$(inherited)",
					"@executable_path/Frameworks",
				);
				MARKETING_VERSION = 1.0;
				PRODUCT_BUNDLE_IDENTIFIER = "kaito.N-Friend";
				PRODUCT_NAME = "$(TARGET_NAME)";
				SWIFT_EMIT_LOC_STRINGS = YES;
				SWIFT_VERSION = 5.0;
				TARGETED_DEVICE_FAMILY = "1,2";
			};
			name = Debug;
		};
		97532FD52B8985B700BA04F9 /* Release */ = {
			isa = XCBuildConfiguration;
			buildSettings = {
				ASSETCATALOG_COMPILER_APPICON_NAME = AppIcon;
				ASSETCATALOG_COMPILER_GLOBAL_ACCENT_COLOR_NAME = AccentColor;
				CODE_SIGN_STYLE = Automatic;
				CURRENT_PROJECT_VERSION = 1;
				DEVELOPMENT_ASSET_PATHS = "\"N-Friend/Preview Content\"";
				DEVELOPMENT_TEAM = PQ42DZZXUS;
				ENABLE_PREVIEWS = YES;
				GENERATE_INFOPLIST_FILE = YES;
				INFOPLIST_KEY_UIApplicationSceneManifest_Generation = YES;
				INFOPLIST_KEY_UIApplicationSupportsIndirectInputEvents = YES;
				INFOPLIST_KEY_UILaunchScreen_Generation = YES;
				INFOPLIST_KEY_UISupportedInterfaceOrientations_iPad = "UIInterfaceOrientationPortrait UIInterfaceOrientationPortraitUpsideDown UIInterfaceOrientationLandscapeLeft UIInterfaceOrientationLandscapeRight";
				INFOPLIST_KEY_UISupportedInterfaceOrientations_iPhone = "UIInterfaceOrientationPortrait UIInterfaceOrientationLandscapeLeft UIInterfaceOrientationLandscapeRight";
				LD_RUNPATH_SEARCH_PATHS = (
					"$(inherited)",
					"@executable_path/Frameworks",
				);
				MARKETING_VERSION = 1.0;
				PRODUCT_BUNDLE_IDENTIFIER = "kaito.N-Friend";
				PRODUCT_NAME = "$(TARGET_NAME)";
				SWIFT_EMIT_LOC_STRINGS = YES;
				SWIFT_VERSION = 5.0;
				TARGETED_DEVICE_FAMILY = "1,2";
			};
			name = Release;
		};
/* End XCBuildConfiguration section */

/* Begin XCConfigurationList section */
		97532FC02B8985B200BA04F9 /* Build configuration list for PBXProject "N-Friend" */ = {
			isa = XCConfigurationList;
			buildConfigurations = (
				97532FD12B8985B700BA04F9 /* Debug */,
				97532FD22B8985B700BA04F9 /* Release */,
			);
			defaultConfigurationIsVisible = 0;
			defaultConfigurationName = Release;
		};
		97532FD32B8985B700BA04F9 /* Build configuration list for PBXNativeTarget "N-Friend" */ = {
			isa = XCConfigurationList;
			buildConfigurations = (
				97532FD42B8985B700BA04F9 /* Debug */,
				97532FD52B8985B700BA04F9 /* Release */,
			);
			defaultConfigurationIsVisible = 0;
			defaultConfigurationName = Release;
		};
/* End XCConfigurationList section */
	};
	rootObject = 97532FBD2B8985B200BA04F9 /* Project object */;
}
