// !$*UTF8*$!
{
	archiveVersion = 1;
	classes = {
	};
	objectVersion = 56;
	objects = {

/* Begin PBXBuildFile section */
		970A152B2B92C5C8000CDE36 /* TastesEditView.swift in Sources */ = {isa = PBXBuildFile; fileRef = 970A152A2B92C5C8000CDE36 /* TastesEditView.swift */; };
		97532FC92B8985B200BA04F9 /* N_FriendApp.swift in Sources */ = {isa = PBXBuildFile; fileRef = 97532FC82B8985B200BA04F9 /* N_FriendApp.swift */; };
		97532FCB2B8985B200BA04F9 /* ContentView.swift in Sources */ = {isa = PBXBuildFile; fileRef = 97532FCA2B8985B200BA04F9 /* ContentView.swift */; };
		97532FCD2B8985B700BA04F9 /* Assets.xcassets in Resources */ = {isa = PBXBuildFile; fileRef = 97532FCC2B8985B700BA04F9 /* Assets.xcassets */; };
		97532FD02B8985B700BA04F9 /* Preview Assets.xcassets in Resources */ = {isa = PBXBuildFile; fileRef = 97532FCF2B8985B700BA04F9 /* Preview Assets.xcassets */; };
		97532FD92B89867A00BA04F9 /* LoginView.swift in Sources */ = {isa = PBXBuildFile; fileRef = 97532FD82B89867A00BA04F9 /* LoginView.swift */; };
		97532FDB2B89896E00BA04F9 /* TastesSelectionView.swift in Sources */ = {isa = PBXBuildFile; fileRef = 97532FDA2B89896E00BA04F9 /* TastesSelectionView.swift */; };
		97532FDD2B89BC8B00BA04F9 /* CardSwipeView.swift in Sources */ = {isa = PBXBuildFile; fileRef = 97532FDC2B89BC8B00BA04F9 /* CardSwipeView.swift */; };
		97532FDF2B89CDD500BA04F9 /* CardView.swift in Sources */ = {isa = PBXBuildFile; fileRef = 97532FDE2B89CDD500BA04F9 /* CardView.swift */; };
		97532FE22B89D2EB00BA04F9 /* ProfileView.swift in Sources */ = {isa = PBXBuildFile; fileRef = 97532FE12B89D2EB00BA04F9 /* ProfileView.swift */; };
		97532FE62B8A2DD700BA04F9 /* StarView.swift in Sources */ = {isa = PBXBuildFile; fileRef = 97532FE52B8A2DD700BA04F9 /* StarView.swift */; };
		97532FEA2B8ADC4300BA04F9 /* UserModel.swift in Sources */ = {isa = PBXBuildFile; fileRef = 97532FE92B8ADC4300BA04F9 /* UserModel.swift */; };
		97532FF12B8C57E000BA04F9 /* FirebaseAnalytics in Frameworks */ = {isa = PBXBuildFile; productRef = 97532FF02B8C57E000BA04F9 /* FirebaseAnalytics */; };
		97532FF32B8C57E000BA04F9 /* FirebaseAnalyticsOnDeviceConversion in Frameworks */ = {isa = PBXBuildFile; productRef = 97532FF22B8C57E000BA04F9 /* FirebaseAnalyticsOnDeviceConversion */; };
		97532FF52B8C57E000BA04F9 /* FirebaseAnalyticsSwift in Frameworks */ = {isa = PBXBuildFile; productRef = 97532FF42B8C57E000BA04F9 /* FirebaseAnalyticsSwift */; };
		97532FF72B8C57E000BA04F9 /* FirebaseAnalyticsWithoutAdIdSupport in Frameworks */ = {isa = PBXBuildFile; productRef = 97532FF62B8C57E000BA04F9 /* FirebaseAnalyticsWithoutAdIdSupport */; };
		97532FF92B8C57E000BA04F9 /* FirebaseAppCheck in Frameworks */ = {isa = PBXBuildFile; productRef = 97532FF82B8C57E000BA04F9 /* FirebaseAppCheck */; };
		97532FFB2B8C57E000BA04F9 /* FirebaseAppDistribution-Beta in Frameworks */ = {isa = PBXBuildFile; productRef = 97532FFA2B8C57E000BA04F9 /* FirebaseAppDistribution-Beta */; };
		97532FFD2B8C57E000BA04F9 /* FirebaseAuth in Frameworks */ = {isa = PBXBuildFile; productRef = 97532FFC2B8C57E000BA04F9 /* FirebaseAuth */; };
		97532FFF2B8C57E000BA04F9 /* FirebaseAuthCombine-Community in Frameworks */ = {isa = PBXBuildFile; productRef = 97532FFE2B8C57E000BA04F9 /* FirebaseAuthCombine-Community */; };
		975330012B8C57E000BA04F9 /* FirebaseCrashlytics in Frameworks */ = {isa = PBXBuildFile; productRef = 975330002B8C57E000BA04F9 /* FirebaseCrashlytics */; };
		975330032B8C57E000BA04F9 /* FirebaseDatabase in Frameworks */ = {isa = PBXBuildFile; productRef = 975330022B8C57E000BA04F9 /* FirebaseDatabase */; };
		975330052B8C57E000BA04F9 /* FirebaseDatabaseSwift in Frameworks */ = {isa = PBXBuildFile; productRef = 975330042B8C57E000BA04F9 /* FirebaseDatabaseSwift */; };
		975330072B8C57E000BA04F9 /* FirebaseDynamicLinks in Frameworks */ = {isa = PBXBuildFile; productRef = 975330062B8C57E000BA04F9 /* FirebaseDynamicLinks */; };
		975330092B8C57E000BA04F9 /* FirebaseFirestore in Frameworks */ = {isa = PBXBuildFile; productRef = 975330082B8C57E000BA04F9 /* FirebaseFirestore */; };
		9753300B2B8C57E000BA04F9 /* FirebaseFirestoreCombine-Community in Frameworks */ = {isa = PBXBuildFile; productRef = 9753300A2B8C57E000BA04F9 /* FirebaseFirestoreCombine-Community */; };
		9753300D2B8C57E000BA04F9 /* FirebaseFirestoreSwift in Frameworks */ = {isa = PBXBuildFile; productRef = 9753300C2B8C57E000BA04F9 /* FirebaseFirestoreSwift */; };
		9753300F2B8C57E000BA04F9 /* FirebaseFunctions in Frameworks */ = {isa = PBXBuildFile; productRef = 9753300E2B8C57E000BA04F9 /* FirebaseFunctions */; };
		975330112B8C57E000BA04F9 /* FirebaseFunctionsCombine-Community in Frameworks */ = {isa = PBXBuildFile; productRef = 975330102B8C57E000BA04F9 /* FirebaseFunctionsCombine-Community */; };
		975330132B8C57E000BA04F9 /* FirebaseInAppMessaging-Beta in Frameworks */ = {isa = PBXBuildFile; productRef = 975330122B8C57E000BA04F9 /* FirebaseInAppMessaging-Beta */; };
		975330152B8C57E000BA04F9 /* FirebaseInAppMessagingSwift-Beta in Frameworks */ = {isa = PBXBuildFile; productRef = 975330142B8C57E000BA04F9 /* FirebaseInAppMessagingSwift-Beta */; };
		975330172B8C57E000BA04F9 /* FirebaseInstallations in Frameworks */ = {isa = PBXBuildFile; productRef = 975330162B8C57E000BA04F9 /* FirebaseInstallations */; };
		975330192B8C57E000BA04F9 /* FirebaseMLModelDownloader in Frameworks */ = {isa = PBXBuildFile; productRef = 975330182B8C57E000BA04F9 /* FirebaseMLModelDownloader */; };
		9753301B2B8C57E000BA04F9 /* FirebaseMessaging in Frameworks */ = {isa = PBXBuildFile; productRef = 9753301A2B8C57E000BA04F9 /* FirebaseMessaging */; };
		9753301D2B8C57E000BA04F9 /* FirebasePerformance in Frameworks */ = {isa = PBXBuildFile; productRef = 9753301C2B8C57E000BA04F9 /* FirebasePerformance */; };
		9753301F2B8C57E000BA04F9 /* FirebaseRemoteConfig in Frameworks */ = {isa = PBXBuildFile; productRef = 9753301E2B8C57E000BA04F9 /* FirebaseRemoteConfig */; };
		975330212B8C57E000BA04F9 /* FirebaseRemoteConfigSwift in Frameworks */ = {isa = PBXBuildFile; productRef = 975330202B8C57E000BA04F9 /* FirebaseRemoteConfigSwift */; };
		975330232B8C57E000BA04F9 /* FirebaseStorage in Frameworks */ = {isa = PBXBuildFile; productRef = 975330222B8C57E000BA04F9 /* FirebaseStorage */; };
		975330252B8C57E000BA04F9 /* FirebaseStorageCombine-Community in Frameworks */ = {isa = PBXBuildFile; productRef = 975330242B8C57E000BA04F9 /* FirebaseStorageCombine-Community */; };
		975330302B8CC6AE00BA04F9 /* GoogleSignIn in Frameworks */ = {isa = PBXBuildFile; productRef = 9753302F2B8CC6AE00BA04F9 /* GoogleSignIn */; };
		975330322B8CC6AE00BA04F9 /* GoogleSignInSwift in Frameworks */ = {isa = PBXBuildFile; productRef = 975330312B8CC6AE00BA04F9 /* GoogleSignInSwift */; };
		975330342B8D8F1E00BA04F9 /* GoogleService-Info.plist in Resources */ = {isa = PBXBuildFile; fileRef = 975330332B8D8F1E00BA04F9 /* GoogleService-Info.plist */; };
		97BE23372B96E19100027B05 /* ImagePickerView.swift in Sources */ = {isa = PBXBuildFile; fileRef = 97BE23362B96E19100027B05 /* ImagePickerView.swift */; };
/* End PBXBuildFile section */

/* Begin PBXFileReference section */
		970A152A2B92C5C8000CDE36 /* TastesEditView.swift */ = {isa = PBXFileReference; lastKnownFileType = sourcecode.swift; path = TastesEditView.swift; sourceTree = "<group>"; };
		97532FC52B8985B200BA04F9 /* N-Friend.app */ = {isa = PBXFileReference; explicitFileType = wrapper.application; includeInIndex = 0; path = "N-Friend.app"; sourceTree = BUILT_PRODUCTS_DIR; };
		97532FC82B8985B200BA04F9 /* N_FriendApp.swift */ = {isa = PBXFileReference; lastKnownFileType = sourcecode.swift; path = N_FriendApp.swift; sourceTree = "<group>"; };
		97532FCA2B8985B200BA04F9 /* ContentView.swift */ = {isa = PBXFileReference; lastKnownFileType = sourcecode.swift; path = ContentView.swift; sourceTree = "<group>"; };
		97532FCC2B8985B700BA04F9 /* Assets.xcassets */ = {isa = PBXFileReference; lastKnownFileType = folder.assetcatalog; path = Assets.xcassets; sourceTree = "<group>"; };
		97532FCF2B8985B700BA04F9 /* Preview Assets.xcassets */ = {isa = PBXFileReference; lastKnownFileType = folder.assetcatalog; path = "Preview Assets.xcassets"; sourceTree = "<group>"; };
		97532FD82B89867A00BA04F9 /* LoginView.swift */ = {isa = PBXFileReference; lastKnownFileType = sourcecode.swift; path = LoginView.swift; sourceTree = "<group>"; };
		97532FDA2B89896E00BA04F9 /* TastesSelectionView.swift */ = {isa = PBXFileReference; lastKnownFileType = sourcecode.swift; path = TastesSelectionView.swift; sourceTree = "<group>"; };
		97532FDC2B89BC8B00BA04F9 /* CardSwipeView.swift */ = {isa = PBXFileReference; lastKnownFileType = sourcecode.swift; path = CardSwipeView.swift; sourceTree = "<group>"; };
		97532FDE2B89CDD500BA04F9 /* CardView.swift */ = {isa = PBXFileReference; lastKnownFileType = sourcecode.swift; path = CardView.swift; sourceTree = "<group>"; };
		97532FE12B89D2EB00BA04F9 /* ProfileView.swift */ = {isa = PBXFileReference; lastKnownFileType = sourcecode.swift; path = ProfileView.swift; sourceTree = "<group>"; };
		97532FE52B8A2DD700BA04F9 /* StarView.swift */ = {isa = PBXFileReference; lastKnownFileType = sourcecode.swift; path = StarView.swift; sourceTree = "<group>"; };
		97532FE92B8ADC4300BA04F9 /* UserModel.swift */ = {isa = PBXFileReference; lastKnownFileType = sourcecode.swift; path = UserModel.swift; sourceTree = "<group>"; };
		9753302D2B8CC62100BA04F9 /* Info.plist */ = {isa = PBXFileReference; lastKnownFileType = text.plist; path = Info.plist; sourceTree = "<group>"; };
		975330332B8D8F1E00BA04F9 /* GoogleService-Info.plist */ = {isa = PBXFileReference; fileEncoding = 4; lastKnownFileType = text.plist.xml; path = "GoogleService-Info.plist"; sourceTree = "<group>"; };
		97BE23362B96E19100027B05 /* ImagePickerView.swift */ = {isa = PBXFileReference; lastKnownFileType = sourcecode.swift; path = ImagePickerView.swift; sourceTree = "<group>"; };
/* End PBXFileReference section */

/* Begin PBXFrameworksBuildPhase section */
		97532FC22B8985B200BA04F9 /* Frameworks */ = {
			isa = PBXFrameworksBuildPhase;
			buildActionMask = 2147483647;
			files = (
				975330032B8C57E000BA04F9 /* FirebaseDatabase in Frameworks */,
				975330112B8C57E000BA04F9 /* FirebaseFunctionsCombine-Community in Frameworks */,
				975330092B8C57E000BA04F9 /* FirebaseFirestore in Frameworks */,
				97532FF52B8C57E000BA04F9 /* FirebaseAnalyticsSwift in Frameworks */,
				97532FF12B8C57E000BA04F9 /* FirebaseAnalytics in Frameworks */,
				97532FF32B8C57E000BA04F9 /* FirebaseAnalyticsOnDeviceConversion in Frameworks */,
				975330192B8C57E000BA04F9 /* FirebaseMLModelDownloader in Frameworks */,
				975330322B8CC6AE00BA04F9 /* GoogleSignInSwift in Frameworks */,
				9753300D2B8C57E000BA04F9 /* FirebaseFirestoreSwift in Frameworks */,
				97532FF92B8C57E000BA04F9 /* FirebaseAppCheck in Frameworks */,
				97532FF72B8C57E000BA04F9 /* FirebaseAnalyticsWithoutAdIdSupport in Frameworks */,
				97532FFD2B8C57E000BA04F9 /* FirebaseAuth in Frameworks */,
				975330012B8C57E000BA04F9 /* FirebaseCrashlytics in Frameworks */,
				975330212B8C57E000BA04F9 /* FirebaseRemoteConfigSwift in Frameworks */,
				975330302B8CC6AE00BA04F9 /* GoogleSignIn in Frameworks */,
				975330132B8C57E000BA04F9 /* FirebaseInAppMessaging-Beta in Frameworks */,
				975330052B8C57E000BA04F9 /* FirebaseDatabaseSwift in Frameworks */,
				9753300F2B8C57E000BA04F9 /* FirebaseFunctions in Frameworks */,
				975330252B8C57E000BA04F9 /* FirebaseStorageCombine-Community in Frameworks */,
				9753301F2B8C57E000BA04F9 /* FirebaseRemoteConfig in Frameworks */,
				97532FFB2B8C57E000BA04F9 /* FirebaseAppDistribution-Beta in Frameworks */,
				97532FFF2B8C57E000BA04F9 /* FirebaseAuthCombine-Community in Frameworks */,
				9753301D2B8C57E000BA04F9 /* FirebasePerformance in Frameworks */,
				975330152B8C57E000BA04F9 /* FirebaseInAppMessagingSwift-Beta in Frameworks */,
				975330232B8C57E000BA04F9 /* FirebaseStorage in Frameworks */,
				975330072B8C57E000BA04F9 /* FirebaseDynamicLinks in Frameworks */,
				9753300B2B8C57E000BA04F9 /* FirebaseFirestoreCombine-Community in Frameworks */,
				9753301B2B8C57E000BA04F9 /* FirebaseMessaging in Frameworks */,
				975330172B8C57E000BA04F9 /* FirebaseInstallations in Frameworks */,
			);
			runOnlyForDeploymentPostprocessing = 0;
		};
/* End PBXFrameworksBuildPhase section */

/* Begin PBXGroup section */
		97532FBC2B8985B200BA04F9 = {
			isa = PBXGroup;
			children = (
				97532FC72B8985B200BA04F9 /* N-Friend */,
				97532FC62B8985B200BA04F9 /* Products */,
			);
			sourceTree = "<group>";
		};
		97532FC62B8985B200BA04F9 /* Products */ = {
			isa = PBXGroup;
			children = (
				97532FC52B8985B200BA04F9 /* N-Friend.app */,
			);
			name = Products;
			sourceTree = "<group>";
		};
		97532FC72B8985B200BA04F9 /* N-Friend */ = {
			isa = PBXGroup;
			children = (
				97532FC82B8985B200BA04F9 /* N_FriendApp.swift */,
				97532FD72B89862A00BA04F9 /* Model */,
				97532FD62B89862500BA04F9 /* View */,
				97532FCC2B8985B700BA04F9 /* Assets.xcassets */,
				975330332B8D8F1E00BA04F9 /* GoogleService-Info.plist */,
				9753302D2B8CC62100BA04F9 /* Info.plist */,
				97532FCE2B8985B700BA04F9 /* Preview Content */,
			);
			path = "N-Friend";
			sourceTree = "<group>";
		};
		97532FCE2B8985B700BA04F9 /* Preview Content */ = {
			isa = PBXGroup;
			children = (
				97532FCF2B8985B700BA04F9 /* Preview Assets.xcassets */,
			);
			path = "Preview Content";
			sourceTree = "<group>";
		};
		97532FD62B89862500BA04F9 /* View */ = {
			isa = PBXGroup;
			children = (
				97532FD82B89867A00BA04F9 /* LoginView.swift */,
				97532FDA2B89896E00BA04F9 /* TastesSelectionView.swift */,
				97532FCA2B8985B200BA04F9 /* ContentView.swift */,
				97532FE02B89D0EF00BA04F9 /* Card */,
				97532FE42B8A2DB600BA04F9 /* Star */,
				97532FE32B89DDF900BA04F9 /* Profile */,
				97BE23362B96E19100027B05 /* ImagePickerView.swift */,
			);
			path = View;
			sourceTree = "<group>";
		};
		97532FD72B89862A00BA04F9 /* Model */ = {
			isa = PBXGroup;
			children = (
				97532FE92B8ADC4300BA04F9 /* UserModel.swift */,
			);
			path = Model;
			sourceTree = "<group>";
		};
		97532FE02B89D0EF00BA04F9 /* Card */ = {
			isa = PBXGroup;
			children = (
				97532FDE2B89CDD500BA04F9 /* CardView.swift */,
				97532FDC2B89BC8B00BA04F9 /* CardSwipeView.swift */,
			);
			path = Card;
			sourceTree = "<group>";
		};
		97532FE32B89DDF900BA04F9 /* Profile */ = {
			isa = PBXGroup;
			children = (
				97532FE12B89D2EB00BA04F9 /* ProfileView.swift */,
				970A152A2B92C5C8000CDE36 /* TastesEditView.swift */,
			);
			name = Profile;
			path = "N-Friend/View/Profile";
			sourceTree = SOURCE_ROOT;
		};
		97532FE42B8A2DB600BA04F9 /* Star */ = {
			isa = PBXGroup;
			children = (
				97532FE52B8A2DD700BA04F9 /* StarView.swift */,
			);
			path = Star;
			sourceTree = "<group>";
		};
/* End PBXGroup section */

/* Begin PBXNativeTarget section */
		97532FC42B8985B200BA04F9 /* N-Friend */ = {
			isa = PBXNativeTarget;
			buildConfigurationList = 97532FD32B8985B700BA04F9 /* Build configuration list for PBXNativeTarget "N-Friend" */;
			buildPhases = (
				97532FC12B8985B200BA04F9 /* Sources */,
				97532FC22B8985B200BA04F9 /* Frameworks */,
				97532FC32B8985B200BA04F9 /* Resources */,
			);
			buildRules = (
			);
			dependencies = (
			);
			name = "N-Friend";
			packageProductDependencies = (
				97532FF02B8C57E000BA04F9 /* FirebaseAnalytics */,
				97532FF22B8C57E000BA04F9 /* FirebaseAnalyticsOnDeviceConversion */,
				97532FF42B8C57E000BA04F9 /* FirebaseAnalyticsSwift */,
				97532FF62B8C57E000BA04F9 /* FirebaseAnalyticsWithoutAdIdSupport */,
				97532FF82B8C57E000BA04F9 /* FirebaseAppCheck */,
				97532FFA2B8C57E000BA04F9 /* FirebaseAppDistribution-Beta */,
				97532FFC2B8C57E000BA04F9 /* FirebaseAuth */,
				97532FFE2B8C57E000BA04F9 /* FirebaseAuthCombine-Community */,
				975330002B8C57E000BA04F9 /* FirebaseCrashlytics */,
				975330022B8C57E000BA04F9 /* FirebaseDatabase */,
				975330042B8C57E000BA04F9 /* FirebaseDatabaseSwift */,
				975330062B8C57E000BA04F9 /* FirebaseDynamicLinks */,
				975330082B8C57E000BA04F9 /* FirebaseFirestore */,
				9753300A2B8C57E000BA04F9 /* FirebaseFirestoreCombine-Community */,
				9753300C2B8C57E000BA04F9 /* FirebaseFirestoreSwift */,
				9753300E2B8C57E000BA04F9 /* FirebaseFunctions */,
				975330102B8C57E000BA04F9 /* FirebaseFunctionsCombine-Community */,
				975330122B8C57E000BA04F9 /* FirebaseInAppMessaging-Beta */,
				975330142B8C57E000BA04F9 /* FirebaseInAppMessagingSwift-Beta */,
				975330162B8C57E000BA04F9 /* FirebaseInstallations */,
				975330182B8C57E000BA04F9 /* FirebaseMLModelDownloader */,
				9753301A2B8C57E000BA04F9 /* FirebaseMessaging */,
				9753301C2B8C57E000BA04F9 /* FirebasePerformance */,
				9753301E2B8C57E000BA04F9 /* FirebaseRemoteConfig */,
				975330202B8C57E000BA04F9 /* FirebaseRemoteConfigSwift */,
				975330222B8C57E000BA04F9 /* FirebaseStorage */,
				975330242B8C57E000BA04F9 /* FirebaseStorageCombine-Community */,
				9753302F2B8CC6AE00BA04F9 /* GoogleSignIn */,
				975330312B8CC6AE00BA04F9 /* GoogleSignInSwift */,
			);
			productName = "N-Friend";
			productReference = 97532FC52B8985B200BA04F9 /* N-Friend.app */;
			productType = "com.apple.product-type.application";
		};
/* End PBXNativeTarget section */

/* Begin PBXProject section */
		97532FBD2B8985B200BA04F9 /* Project object */ = {
			isa = PBXProject;
			attributes = {
				BuildIndependentTargetsInParallel = 1;
				LastSwiftUpdateCheck = 1510;
				LastUpgradeCheck = 1510;
				TargetAttributes = {
					97532FC42B8985B200BA04F9 = {
						CreatedOnToolsVersion = 15.1;
					};
				};
			};
			buildConfigurationList = 97532FC02B8985B200BA04F9 /* Build configuration list for PBXProject "N-Friend" */;
			compatibilityVersion = "Xcode 14.0";
			developmentRegion = en;
			hasScannedForEncodings = 0;
			knownRegions = (
				en,
				Base,
			);
			mainGroup = 97532FBC2B8985B200BA04F9;
			packageReferences = (
				97532FEF2B8C57E000BA04F9 /* XCRemoteSwiftPackageReference "firebase-ios-sdk" */,
				9753302E2B8CC6AE00BA04F9 /* XCRemoteSwiftPackageReference "GoogleSignIn-iOS" */,
			);
			productRefGroup = 97532FC62B8985B200BA04F9 /* Products */;
			projectDirPath = "";
			projectRoot = "";
			targets = (
				97532FC42B8985B200BA04F9 /* N-Friend */,
			);
		};
/* End PBXProject section */

/* Begin PBXResourcesBuildPhase section */
		97532FC32B8985B200BA04F9 /* Resources */ = {
			isa = PBXResourcesBuildPhase;
			buildActionMask = 2147483647;
			files = (
				97532FD02B8985B700BA04F9 /* Preview Assets.xcassets in Resources */,
				97532FCD2B8985B700BA04F9 /* Assets.xcassets in Resources */,
				975330342B8D8F1E00BA04F9 /* GoogleService-Info.plist in Resources */,
			);
			runOnlyForDeploymentPostprocessing = 0;
		};
/* End PBXResourcesBuildPhase section */

/* Begin PBXSourcesBuildPhase section */
		97532FC12B8985B200BA04F9 /* Sources */ = {
			isa = PBXSourcesBuildPhase;
			buildActionMask = 2147483647;
			files = (
				97532FDD2B89BC8B00BA04F9 /* CardSwipeView.swift in Sources */,
				97532FDB2B89896E00BA04F9 /* TastesSelectionView.swift in Sources */,
				97532FD92B89867A00BA04F9 /* LoginView.swift in Sources */,
				97BE23372B96E19100027B05 /* ImagePickerView.swift in Sources */,
				97532FCB2B8985B200BA04F9 /* ContentView.swift in Sources */,
				970A152B2B92C5C8000CDE36 /* TastesEditView.swift in Sources */,
				97532FDF2B89CDD500BA04F9 /* CardView.swift in Sources */,
				97532FE22B89D2EB00BA04F9 /* ProfileView.swift in Sources */,
				97532FE62B8A2DD700BA04F9 /* StarView.swift in Sources */,
				97532FEA2B8ADC4300BA04F9 /* UserModel.swift in Sources */,
				97532FC92B8985B200BA04F9 /* N_FriendApp.swift in Sources */,
			);
			runOnlyForDeploymentPostprocessing = 0;
		};
/* End PBXSourcesBuildPhase section */

/* Begin XCBuildConfiguration section */
		97532FD12B8985B700BA04F9 /* Debug */ = {
			isa = XCBuildConfiguration;
			buildSettings = {
				ALWAYS_SEARCH_USER_PATHS = NO;
				ASSETCATALOG_COMPILER_GENERATE_SWIFT_ASSET_SYMBOL_EXTENSIONS = YES;
				CLANG_ANALYZER_NONNULL = YES;
				CLANG_ANALYZER_NUMBER_OBJECT_CONVERSION = YES_AGGRESSIVE;
				CLANG_CXX_LANGUAGE_STANDARD = "gnu++20";
				CLANG_ENABLE_MODULES = YES;
				CLANG_ENABLE_OBJC_ARC = YES;
				CLANG_ENABLE_OBJC_WEAK = YES;
				CLANG_WARN_BLOCK_CAPTURE_AUTORELEASING = YES;
				CLANG_WARN_BOOL_CONVERSION = YES;
				CLANG_WARN_COMMA = YES;
				CLANG_WARN_CONSTANT_CONVERSION = YES;
				CLANG_WARN_DEPRECATED_OBJC_IMPLEMENTATIONS = YES;
				CLANG_WARN_DIRECT_OBJC_ISA_USAGE = YES_ERROR;
				CLANG_WARN_DOCUMENTATION_COMMENTS = YES;
				CLANG_WARN_EMPTY_BODY = YES;
				CLANG_WARN_ENUM_CONVERSION = YES;
				CLANG_WARN_INFINITE_RECURSION = YES;
				CLANG_WARN_INT_CONVERSION = YES;
				CLANG_WARN_NON_LITERAL_NULL_CONVERSION = YES;
				CLANG_WARN_OBJC_IMPLICIT_RETAIN_SELF = YES;
				CLANG_WARN_OBJC_LITERAL_CONVERSION = YES;
				CLANG_WARN_OBJC_ROOT_CLASS = YES_ERROR;
				CLANG_WARN_QUOTED_INCLUDE_IN_FRAMEWORK_HEADER = YES;
				CLANG_WARN_RANGE_LOOP_ANALYSIS = YES;
				CLANG_WARN_STRICT_PROTOTYPES = YES;
				CLANG_WARN_SUSPICIOUS_MOVE = YES;
				CLANG_WARN_UNGUARDED_AVAILABILITY = YES_AGGRESSIVE;
				CLANG_WARN_UNREACHABLE_CODE = YES;
				CLANG_WARN__DUPLICATE_METHOD_MATCH = YES;
				COPY_PHASE_STRIP = NO;
				DEBUG_INFORMATION_FORMAT = dwarf;
				ENABLE_STRICT_OBJC_MSGSEND = YES;
				ENABLE_TESTABILITY = YES;
				ENABLE_USER_SCRIPT_SANDBOXING = YES;
				GCC_C_LANGUAGE_STANDARD = gnu17;
				GCC_DYNAMIC_NO_PIC = NO;
				GCC_NO_COMMON_BLOCKS = YES;
				GCC_OPTIMIZATION_LEVEL = 0;
				GCC_PREPROCESSOR_DEFINITIONS = (
					"DEBUG=1",
					"$(inherited)",
				);
				GCC_WARN_64_TO_32_BIT_CONVERSION = YES;
				GCC_WARN_ABOUT_RETURN_TYPE = YES_ERROR;
				GCC_WARN_UNDECLARED_SELECTOR = YES;
				GCC_WARN_UNINITIALIZED_AUTOS = YES_AGGRESSIVE;
				GCC_WARN_UNUSED_FUNCTION = YES;
				GCC_WARN_UNUSED_VARIABLE = YES;
				IPHONEOS_DEPLOYMENT_TARGET = 17.2;
				LOCALIZATION_PREFERS_STRING_CATALOGS = YES;
				MTL_ENABLE_DEBUG_INFO = INCLUDE_SOURCE;
				MTL_FAST_MATH = YES;
				ONLY_ACTIVE_ARCH = YES;
				SDKROOT = iphoneos;
				SWIFT_ACTIVE_COMPILATION_CONDITIONS = "DEBUG $(inherited)";
				SWIFT_OPTIMIZATION_LEVEL = "-Onone";
			};
			name = Debug;
		};
		97532FD22B8985B700BA04F9 /* Release */ = {
			isa = XCBuildConfiguration;
			buildSettings = {
				ALWAYS_SEARCH_USER_PATHS = NO;
				ASSETCATALOG_COMPILER_GENERATE_SWIFT_ASSET_SYMBOL_EXTENSIONS = YES;
				CLANG_ANALYZER_NONNULL = YES;
				CLANG_ANALYZER_NUMBER_OBJECT_CONVERSION = YES_AGGRESSIVE;
				CLANG_CXX_LANGUAGE_STANDARD = "gnu++20";
				CLANG_ENABLE_MODULES = YES;
				CLANG_ENABLE_OBJC_ARC = YES;
				CLANG_ENABLE_OBJC_WEAK = YES;
				CLANG_WARN_BLOCK_CAPTURE_AUTORELEASING = YES;
				CLANG_WARN_BOOL_CONVERSION = YES;
				CLANG_WARN_COMMA = YES;
				CLANG_WARN_CONSTANT_CONVERSION = YES;
				CLANG_WARN_DEPRECATED_OBJC_IMPLEMENTATIONS = YES;
				CLANG_WARN_DIRECT_OBJC_ISA_USAGE = YES_ERROR;
				CLANG_WARN_DOCUMENTATION_COMMENTS = YES;
				CLANG_WARN_EMPTY_BODY = YES;
				CLANG_WARN_ENUM_CONVERSION = YES;
				CLANG_WARN_INFINITE_RECURSION = YES;
				CLANG_WARN_INT_CONVERSION = YES;
				CLANG_WARN_NON_LITERAL_NULL_CONVERSION = YES;
				CLANG_WARN_OBJC_IMPLICIT_RETAIN_SELF = YES;
				CLANG_WARN_OBJC_LITERAL_CONVERSION = YES;
				CLANG_WARN_OBJC_ROOT_CLASS = YES_ERROR;
				CLANG_WARN_QUOTED_INCLUDE_IN_FRAMEWORK_HEADER = YES;
				CLANG_WARN_RANGE_LOOP_ANALYSIS = YES;
				CLANG_WARN_STRICT_PROTOTYPES = YES;
				CLANG_WARN_SUSPICIOUS_MOVE = YES;
				CLANG_WARN_UNGUARDED_AVAILABILITY = YES_AGGRESSIVE;
				CLANG_WARN_UNREACHABLE_CODE = YES;
				CLANG_WARN__DUPLICATE_METHOD_MATCH = YES;
				COPY_PHASE_STRIP = NO;
				DEBUG_INFORMATION_FORMAT = "dwarf-with-dsym";
				ENABLE_NS_ASSERTIONS = NO;
				ENABLE_STRICT_OBJC_MSGSEND = YES;
				ENABLE_USER_SCRIPT_SANDBOXING = YES;
				GCC_C_LANGUAGE_STANDARD = gnu17;
				GCC_NO_COMMON_BLOCKS = YES;
				GCC_WARN_64_TO_32_BIT_CONVERSION = YES;
				GCC_WARN_ABOUT_RETURN_TYPE = YES_ERROR;
				GCC_WARN_UNDECLARED_SELECTOR = YES;
				GCC_WARN_UNINITIALIZED_AUTOS = YES_AGGRESSIVE;
				GCC_WARN_UNUSED_FUNCTION = YES;
				GCC_WARN_UNUSED_VARIABLE = YES;
				IPHONEOS_DEPLOYMENT_TARGET = 17.2;
				LOCALIZATION_PREFERS_STRING_CATALOGS = YES;
				MTL_ENABLE_DEBUG_INFO = NO;
				MTL_FAST_MATH = YES;
				SDKROOT = iphoneos;
				SWIFT_COMPILATION_MODE = wholemodule;
				VALIDATE_PRODUCT = YES;
			};
			name = Release;
		};
		97532FD42B8985B700BA04F9 /* Debug */ = {
			isa = XCBuildConfiguration;
			buildSettings = {
				ASSETCATALOG_COMPILER_APPICON_NAME = AppIcon;
				ASSETCATALOG_COMPILER_GLOBAL_ACCENT_COLOR_NAME = AccentColor;
				CODE_SIGN_STYLE = Automatic;
				CURRENT_PROJECT_VERSION = 1;
				DEVELOPMENT_ASSET_PATHS = "\"N-Friend/Preview Content\"";
				DEVELOPMENT_TEAM = PQ42DZZXUS;
				ENABLE_PREVIEWS = YES;
				GENERATE_INFOPLIST_FILE = YES;
				INFOPLIST_FILE = "N-Friend/Info.plist";
				INFOPLIST_KEY_UIApplicationSceneManifest_Generation = YES;
				INFOPLIST_KEY_UIApplicationSupportsIndirectInputEvents = YES;
				INFOPLIST_KEY_UILaunchScreen_Generation = YES;
				INFOPLIST_KEY_UISupportedInterfaceOrientations_iPad = "UIInterfaceOrientationPortrait UIInterfaceOrientationPortraitUpsideDown UIInterfaceOrientationLandscapeLeft UIInterfaceOrientationLandscapeRight";
				INFOPLIST_KEY_UISupportedInterfaceOrientations_iPhone = "UIInterfaceOrientationPortrait UIInterfaceOrientationLandscapeLeft UIInterfaceOrientationLandscapeRight";
				LD_RUNPATH_SEARCH_PATHS = (
					"$(inherited)",
					"@executable_path/Frameworks",
				);
				MARKETING_VERSION = 1.0;
				PRODUCT_BUNDLE_IDENTIFIER = "kaito.N-Friend";
				PRODUCT_NAME = "$(TARGET_NAME)";
				SWIFT_EMIT_LOC_STRINGS = YES;
				SWIFT_VERSION = 5.0;
				TARGETED_DEVICE_FAMILY = "1,2";
			};
			name = Debug;
		};
		97532FD52B8985B700BA04F9 /* Release */ = {
			isa = XCBuildConfiguration;
			buildSettings = {
				ASSETCATALOG_COMPILER_APPICON_NAME = AppIcon;
				ASSETCATALOG_COMPILER_GLOBAL_ACCENT_COLOR_NAME = AccentColor;
				CODE_SIGN_STYLE = Automatic;
				CURRENT_PROJECT_VERSION = 1;
				DEVELOPMENT_ASSET_PATHS = "\"N-Friend/Preview Content\"";
				DEVELOPMENT_TEAM = PQ42DZZXUS;
				ENABLE_PREVIEWS = YES;
				GENERATE_INFOPLIST_FILE = YES;
				INFOPLIST_FILE = "N-Friend/Info.plist";
				INFOPLIST_KEY_UIApplicationSceneManifest_Generation = YES;
				INFOPLIST_KEY_UIApplicationSupportsIndirectInputEvents = YES;
				INFOPLIST_KEY_UILaunchScreen_Generation = YES;
				INFOPLIST_KEY_UISupportedInterfaceOrientations_iPad = "UIInterfaceOrientationPortrait UIInterfaceOrientationPortraitUpsideDown UIInterfaceOrientationLandscapeLeft UIInterfaceOrientationLandscapeRight";
				INFOPLIST_KEY_UISupportedInterfaceOrientations_iPhone = "UIInterfaceOrientationPortrait UIInterfaceOrientationLandscapeLeft UIInterfaceOrientationLandscapeRight";
				LD_RUNPATH_SEARCH_PATHS = (
					"$(inherited)",
					"@executable_path/Frameworks",
				);
				MARKETING_VERSION = 1.0;
				PRODUCT_BUNDLE_IDENTIFIER = "kaito.N-Friend";
				PRODUCT_NAME = "$(TARGET_NAME)";
				SWIFT_EMIT_LOC_STRINGS = YES;
				SWIFT_VERSION = 5.0;
				TARGETED_DEVICE_FAMILY = "1,2";
			};
			name = Release;
		};
/* End XCBuildConfiguration section */

/* Begin XCConfigurationList section */
		97532FC02B8985B200BA04F9 /* Build configuration list for PBXProject "N-Friend" */ = {
			isa = XCConfigurationList;
			buildConfigurations = (
				97532FD12B8985B700BA04F9 /* Debug */,
				97532FD22B8985B700BA04F9 /* Release */,
			);
			defaultConfigurationIsVisible = 0;
			defaultConfigurationName = Release;
		};
		97532FD32B8985B700BA04F9 /* Build configuration list for PBXNativeTarget "N-Friend" */ = {
			isa = XCConfigurationList;
			buildConfigurations = (
				97532FD42B8985B700BA04F9 /* Debug */,
				97532FD52B8985B700BA04F9 /* Release */,
			);
			defaultConfigurationIsVisible = 0;
			defaultConfigurationName = Release;
		};
/* End XCConfigurationList section */

/* Begin XCRemoteSwiftPackageReference section */
		97532FEF2B8C57E000BA04F9 /* XCRemoteSwiftPackageReference "firebase-ios-sdk" */ = {
			isa = XCRemoteSwiftPackageReference;
			repositoryURL = "https://github.com/firebase/firebase-ios-sdk";
			requirement = {
				kind = upToNextMajorVersion;
				minimumVersion = 10.21.0;
			};
		};
		9753302E2B8CC6AE00BA04F9 /* XCRemoteSwiftPackageReference "GoogleSignIn-iOS" */ = {
			isa = XCRemoteSwiftPackageReference;
			repositoryURL = "https://github.com/google/GoogleSignIn-iOS.git";
			requirement = {
				kind = upToNextMajorVersion;
				minimumVersion = 7.0.0;
			};
		};
/* End XCRemoteSwiftPackageReference section */

/* Begin XCSwiftPackageProductDependency section */
		97532FF02B8C57E000BA04F9 /* FirebaseAnalytics */ = {
			isa = XCSwiftPackageProductDependency;
			package = 97532FEF2B8C57E000BA04F9 /* XCRemoteSwiftPackageReference "firebase-ios-sdk" */;
			productName = FirebaseAnalytics;
		};
		97532FF22B8C57E000BA04F9 /* FirebaseAnalyticsOnDeviceConversion */ = {
			isa = XCSwiftPackageProductDependency;
			package = 97532FEF2B8C57E000BA04F9 /* XCRemoteSwiftPackageReference "firebase-ios-sdk" */;
			productName = FirebaseAnalyticsOnDeviceConversion;
		};
		97532FF42B8C57E000BA04F9 /* FirebaseAnalyticsSwift */ = {
			isa = XCSwiftPackageProductDependency;
			package = 97532FEF2B8C57E000BA04F9 /* XCRemoteSwiftPackageReference "firebase-ios-sdk" */;
			productName = FirebaseAnalyticsSwift;
		};
		97532FF62B8C57E000BA04F9 /* FirebaseAnalyticsWithoutAdIdSupport */ = {
			isa = XCSwiftPackageProductDependency;
			package = 97532FEF2B8C57E000BA04F9 /* XCRemoteSwiftPackageReference "firebase-ios-sdk" */;
			productName = FirebaseAnalyticsWithoutAdIdSupport;
		};
		97532FF82B8C57E000BA04F9 /* FirebaseAppCheck */ = {
			isa = XCSwiftPackageProductDependency;
			package = 97532FEF2B8C57E000BA04F9 /* XCRemoteSwiftPackageReference "firebase-ios-sdk" */;
			productName = FirebaseAppCheck;
		};
		97532FFA2B8C57E000BA04F9 /* FirebaseAppDistribution-Beta */ = {
			isa = XCSwiftPackageProductDependency;
			package = 97532FEF2B8C57E000BA04F9 /* XCRemoteSwiftPackageReference "firebase-ios-sdk" */;
			productName = "FirebaseAppDistribution-Beta";
		};
		97532FFC2B8C57E000BA04F9 /* FirebaseAuth */ = {
			isa = XCSwiftPackageProductDependency;
			package = 97532FEF2B8C57E000BA04F9 /* XCRemoteSwiftPackageReference "firebase-ios-sdk" */;
			productName = FirebaseAuth;
		};
		97532FFE2B8C57E000BA04F9 /* FirebaseAuthCombine-Community */ = {
			isa = XCSwiftPackageProductDependency;
			package = 97532FEF2B8C57E000BA04F9 /* XCRemoteSwiftPackageReference "firebase-ios-sdk" */;
			productName = "FirebaseAuthCombine-Community";
		};
		975330002B8C57E000BA04F9 /* FirebaseCrashlytics */ = {
			isa = XCSwiftPackageProductDependency;
			package = 97532FEF2B8C57E000BA04F9 /* XCRemoteSwiftPackageReference "firebase-ios-sdk" */;
			productName = FirebaseCrashlytics;
		};
		975330022B8C57E000BA04F9 /* FirebaseDatabase */ = {
			isa = XCSwiftPackageProductDependency;
			package = 97532FEF2B8C57E000BA04F9 /* XCRemoteSwiftPackageReference "firebase-ios-sdk" */;
			productName = FirebaseDatabase;
		};
		975330042B8C57E000BA04F9 /* FirebaseDatabaseSwift */ = {
			isa = XCSwiftPackageProductDependency;
			package = 97532FEF2B8C57E000BA04F9 /* XCRemoteSwiftPackageReference "firebase-ios-sdk" */;
			productName = FirebaseDatabaseSwift;
		};
		975330062B8C57E000BA04F9 /* FirebaseDynamicLinks */ = {
			isa = XCSwiftPackageProductDependency;
			package = 97532FEF2B8C57E000BA04F9 /* XCRemoteSwiftPackageReference "firebase-ios-sdk" */;
			productName = FirebaseDynamicLinks;
		};
		975330082B8C57E000BA04F9 /* FirebaseFirestore */ = {
			isa = XCSwiftPackageProductDependency;
			package = 97532FEF2B8C57E000BA04F9 /* XCRemoteSwiftPackageReference "firebase-ios-sdk" */;
			productName = FirebaseFirestore;
		};
		9753300A2B8C57E000BA04F9 /* FirebaseFirestoreCombine-Community */ = {
			isa = XCSwiftPackageProductDependency;
			package = 97532FEF2B8C57E000BA04F9 /* XCRemoteSwiftPackageReference "firebase-ios-sdk" */;
			productName = "FirebaseFirestoreCombine-Community";
		};
		9753300C2B8C57E000BA04F9 /* FirebaseFirestoreSwift */ = {
			isa = XCSwiftPackageProductDependency;
			package = 97532FEF2B8C57E000BA04F9 /* XCRemoteSwiftPackageReference "firebase-ios-sdk" */;
			productName = FirebaseFirestoreSwift;
		};
		9753300E2B8C57E000BA04F9 /* FirebaseFunctions */ = {
			isa = XCSwiftPackageProductDependency;
			package = 97532FEF2B8C57E000BA04F9 /* XCRemoteSwiftPackageReference "firebase-ios-sdk" */;
			productName = FirebaseFunctions;
		};
		975330102B8C57E000BA04F9 /* FirebaseFunctionsCombine-Community */ = {
			isa = XCSwiftPackageProductDependency;
			package = 97532FEF2B8C57E000BA04F9 /* XCRemoteSwiftPackageReference "firebase-ios-sdk" */;
			productName = "FirebaseFunctionsCombine-Community";
		};
		975330122B8C57E000BA04F9 /* FirebaseInAppMessaging-Beta */ = {
			isa = XCSwiftPackageProductDependency;
			package = 97532FEF2B8C57E000BA04F9 /* XCRemoteSwiftPackageReference "firebase-ios-sdk" */;
			productName = "FirebaseInAppMessaging-Beta";
		};
		975330142B8C57E000BA04F9 /* FirebaseInAppMessagingSwift-Beta */ = {
			isa = XCSwiftPackageProductDependency;
			package = 97532FEF2B8C57E000BA04F9 /* XCRemoteSwiftPackageReference "firebase-ios-sdk" */;
			productName = "FirebaseInAppMessagingSwift-Beta";
		};
		975330162B8C57E000BA04F9 /* FirebaseInstallations */ = {
			isa = XCSwiftPackageProductDependency;
			package = 97532FEF2B8C57E000BA04F9 /* XCRemoteSwiftPackageReference "firebase-ios-sdk" */;
			productName = FirebaseInstallations;
		};
		975330182B8C57E000BA04F9 /* FirebaseMLModelDownloader */ = {
			isa = XCSwiftPackageProductDependency;
			package = 97532FEF2B8C57E000BA04F9 /* XCRemoteSwiftPackageReference "firebase-ios-sdk" */;
			productName = FirebaseMLModelDownloader;
		};
		9753301A2B8C57E000BA04F9 /* FirebaseMessaging */ = {
			isa = XCSwiftPackageProductDependency;
			package = 97532FEF2B8C57E000BA04F9 /* XCRemoteSwiftPackageReference "firebase-ios-sdk" */;
			productName = FirebaseMessaging;
		};
		9753301C2B8C57E000BA04F9 /* FirebasePerformance */ = {
			isa = XCSwiftPackageProductDependency;
			package = 97532FEF2B8C57E000BA04F9 /* XCRemoteSwiftPackageReference "firebase-ios-sdk" */;
			productName = FirebasePerformance;
		};
		9753301E2B8C57E000BA04F9 /* FirebaseRemoteConfig */ = {
			isa = XCSwiftPackageProductDependency;
			package = 97532FEF2B8C57E000BA04F9 /* XCRemoteSwiftPackageReference "firebase-ios-sdk" */;
			productName = FirebaseRemoteConfig;
		};
		975330202B8C57E000BA04F9 /* FirebaseRemoteConfigSwift */ = {
			isa = XCSwiftPackageProductDependency;
			package = 97532FEF2B8C57E000BA04F9 /* XCRemoteSwiftPackageReference "firebase-ios-sdk" */;
			productName = FirebaseRemoteConfigSwift;
		};
		975330222B8C57E000BA04F9 /* FirebaseStorage */ = {
			isa = XCSwiftPackageProductDependency;
			package = 97532FEF2B8C57E000BA04F9 /* XCRemoteSwiftPackageReference "firebase-ios-sdk" */;
			productName = FirebaseStorage;
		};
		975330242B8C57E000BA04F9 /* FirebaseStorageCombine-Community */ = {
			isa = XCSwiftPackageProductDependency;
			package = 97532FEF2B8C57E000BA04F9 /* XCRemoteSwiftPackageReference "firebase-ios-sdk" */;
			productName = "FirebaseStorageCombine-Community";
		};
		9753302F2B8CC6AE00BA04F9 /* GoogleSignIn */ = {
			isa = XCSwiftPackageProductDependency;
			package = 9753302E2B8CC6AE00BA04F9 /* XCRemoteSwiftPackageReference "GoogleSignIn-iOS" */;
			productName = GoogleSignIn;
		};
		975330312B8CC6AE00BA04F9 /* GoogleSignInSwift */ = {
			isa = XCSwiftPackageProductDependency;
			package = 9753302E2B8CC6AE00BA04F9 /* XCRemoteSwiftPackageReference "GoogleSignIn-iOS" */;
			productName = GoogleSignInSwift;
		};
/* End XCSwiftPackageProductDependency section */
	};
	rootObject = 97532FBD2B8985B200BA04F9 /* Project object */;
}
