// !$*UTF8*$!
{
	archiveVersion = 1;
	classes = {
	};
	objectVersion = 56;
	objects = {

/* Begin PBXBuildFile section */
		970A152B2B92C5C8000CDE36 /* TastesEditView.swift in Sources */ = {isa = PBXBuildFile; fileRef = 970A152A2B92C5C8000CDE36 /* TastesEditView.swift */; };
		974B17D82B9BFEBD0012351D /* AppAuth in Frameworks */ = {isa = PBXBuildFile; productRef = 974B17D72B9BFEBD0012351D /* AppAuth */; };
		974B17DA2B9BFEBD0012351D /* AppAuthCore in Frameworks */ = {isa = PBXBuildFile; productRef = 974B17D92B9BFEBD0012351D /* AppAuthCore */; };
		974B17DC2B9BFEBD0012351D /* AppAuthTV in Frameworks */ = {isa = PBXBuildFile; productRef = 974B17DB2B9BFEBD0012351D /* AppAuthTV */; };
		974B17DF2B9BFECA0012351D /* GoogleSignIn in Frameworks */ = {isa = PBXBuildFile; productRef = 974B17DE2B9BFECA0012351D /* GoogleSignIn */; };
		974B17E12B9BFECA0012351D /* GoogleSignInSwift in Frameworks */ = {isa = PBXBuildFile; productRef = 974B17E02B9BFECA0012351D /* GoogleSignInSwift */; };
		974B17E32B9C4CF20012351D /* Progressview.swift in Sources */ = {isa = PBXBuildFile; fileRef = 974B17E22B9C4CF20012351D /* Progressview.swift */; };
		97532FC92B8985B200BA04F9 /* N_FriendApp.swift in Sources */ = {isa = PBXBuildFile; fileRef = 97532FC82B8985B200BA04F9 /* N_FriendApp.swift */; };
		97532FCB2B8985B200BA04F9 /* ContentView.swift in Sources */ = {isa = PBXBuildFile; fileRef = 97532FCA2B8985B200BA04F9 /* ContentView.swift */; };
		97532FCD2B8985B700BA04F9 /* Assets.xcassets in Resources */ = {isa = PBXBuildFile; fileRef = 97532FCC2B8985B700BA04F9 /* Assets.xcassets */; };
		97532FD02B8985B700BA04F9 /* Preview Assets.xcassets in Resources */ = {isa = PBXBuildFile; fileRef = 97532FCF2B8985B700BA04F9 /* Preview Assets.xcassets */; };
		97532FD92B89867A00BA04F9 /* LoginView.swift in Sources */ = {isa = PBXBuildFile; fileRef = 97532FD82B89867A00BA04F9 /* LoginView.swift */; };
		97532FDD2B89BC8B00BA04F9 /* CardSwipeView.swift in Sources */ = {isa = PBXBuildFile; fileRef = 97532FDC2B89BC8B00BA04F9 /* CardSwipeView.swift */; };
		97532FE22B89D2EB00BA04F9 /* ProfileView.swift in Sources */ = {isa = PBXBuildFile; fileRef = 97532FE12B89D2EB00BA04F9 /* ProfileView.swift */; };
		97532FE62B8A2DD700BA04F9 /* LikedMatchedView.swift in Sources */ = {isa = PBXBuildFile; fileRef = 97532FE52B8A2DD700BA04F9 /* LikedMatchedView.swift */; };
		97532FEA2B8ADC4300BA04F9 /* CardUserModel.swift in Sources */ = {isa = PBXBuildFile; fileRef = 97532FE92B8ADC4300BA04F9 /* CardUserModel.swift */; };
		976933F82B9BFC380017BE97 /* FirebaseAnalytics in Frameworks */ = {isa = PBXBuildFile; productRef = 976933F72B9BFC380017BE97 /* FirebaseAnalytics */; };
		976933FA2B9BFC380017BE97 /* FirebaseAnalyticsOnDeviceConversion in Frameworks */ = {isa = PBXBuildFile; productRef = 976933F92B9BFC380017BE97 /* FirebaseAnalyticsOnDeviceConversion */; };
		976933FC2B9BFC380017BE97 /* FirebaseAnalyticsSwift in Frameworks */ = {isa = PBXBuildFile; productRef = 976933FB2B9BFC380017BE97 /* FirebaseAnalyticsSwift */; };
		976933FE2B9BFC380017BE97 /* FirebaseAnalyticsWithoutAdIdSupport in Frameworks */ = {isa = PBXBuildFile; productRef = 976933FD2B9BFC380017BE97 /* FirebaseAnalyticsWithoutAdIdSupport */; };
		976934002B9BFC380017BE97 /* FirebaseAppCheck in Frameworks */ = {isa = PBXBuildFile; productRef = 976933FF2B9BFC380017BE97 /* FirebaseAppCheck */; };
		976934022B9BFC380017BE97 /* FirebaseAppDistribution-Beta in Frameworks */ = {isa = PBXBuildFile; productRef = 976934012B9BFC380017BE97 /* FirebaseAppDistribution-Beta */; };
		976934042B9BFC380017BE97 /* FirebaseAuth in Frameworks */ = {isa = PBXBuildFile; productRef = 976934032B9BFC380017BE97 /* FirebaseAuth */; };
		976934062B9BFC380017BE97 /* FirebaseAuthCombine-Community in Frameworks */ = {isa = PBXBuildFile; productRef = 976934052B9BFC380017BE97 /* FirebaseAuthCombine-Community */; };
		976934082B9BFC380017BE97 /* FirebaseCrashlytics in Frameworks */ = {isa = PBXBuildFile; productRef = 976934072B9BFC380017BE97 /* FirebaseCrashlytics */; };
		9769340A2B9BFC380017BE97 /* FirebaseDatabase in Frameworks */ = {isa = PBXBuildFile; productRef = 976934092B9BFC380017BE97 /* FirebaseDatabase */; };
		9769340C2B9BFC380017BE97 /* FirebaseDatabaseSwift in Frameworks */ = {isa = PBXBuildFile; productRef = 9769340B2B9BFC380017BE97 /* FirebaseDatabaseSwift */; };
		9769340E2B9BFC380017BE97 /* FirebaseDynamicLinks in Frameworks */ = {isa = PBXBuildFile; productRef = 9769340D2B9BFC380017BE97 /* FirebaseDynamicLinks */; };
		976934102B9BFC380017BE97 /* FirebaseFirestore in Frameworks */ = {isa = PBXBuildFile; productRef = 9769340F2B9BFC380017BE97 /* FirebaseFirestore */; };
		976934122B9BFC380017BE97 /* FirebaseFirestoreCombine-Community in Frameworks */ = {isa = PBXBuildFile; productRef = 976934112B9BFC380017BE97 /* FirebaseFirestoreCombine-Community */; };
		976934142B9BFC380017BE97 /* FirebaseFirestoreSwift in Frameworks */ = {isa = PBXBuildFile; productRef = 976934132B9BFC380017BE97 /* FirebaseFirestoreSwift */; };
		976934162B9BFC380017BE97 /* FirebaseInAppMessagingSwift-Beta in Frameworks */ = {isa = PBXBuildFile; productRef = 976934152B9BFC380017BE97 /* FirebaseInAppMessagingSwift-Beta */; };
		976934182B9BFC380017BE97 /* FirebaseInstallations in Frameworks */ = {isa = PBXBuildFile; productRef = 976934172B9BFC380017BE97 /* FirebaseInstallations */; };
		9769341A2B9BFC380017BE97 /* FirebaseMLModelDownloader in Frameworks */ = {isa = PBXBuildFile; productRef = 976934192B9BFC380017BE97 /* FirebaseMLModelDownloader */; };
		9769341C2B9BFC380017BE97 /* FirebaseMessaging in Frameworks */ = {isa = PBXBuildFile; productRef = 9769341B2B9BFC380017BE97 /* FirebaseMessaging */; };
		9769341E2B9BFC380017BE97 /* FirebasePerformance in Frameworks */ = {isa = PBXBuildFile; productRef = 9769341D2B9BFC380017BE97 /* FirebasePerformance */; };
		976934202B9BFC380017BE97 /* FirebaseRemoteConfig in Frameworks */ = {isa = PBXBuildFile; productRef = 9769341F2B9BFC380017BE97 /* FirebaseRemoteConfig */; };
		976934222B9BFC380017BE97 /* FirebaseRemoteConfigSwift in Frameworks */ = {isa = PBXBuildFile; productRef = 976934212B9BFC380017BE97 /* FirebaseRemoteConfigSwift */; };
		976934242B9BFC380017BE97 /* FirebaseStorage in Frameworks */ = {isa = PBXBuildFile; productRef = 976934232B9BFC380017BE97 /* FirebaseStorage */; };
		976934262B9BFC380017BE97 /* FirebaseStorageCombine-Community in Frameworks */ = {isa = PBXBuildFile; productRef = 976934252B9BFC380017BE97 /* FirebaseStorageCombine-Community */; };
		979273EF2BAE75170040D2B5 /* UserDetailView.swift in Sources */ = {isa = PBXBuildFile; fileRef = 979273EE2BAE75170040D2B5 /* UserDetailView.swift */; };
		979273F12BB10B1A0040D2B5 /* UserModel.swift in Sources */ = {isa = PBXBuildFile; fileRef = 979273F02BB10B1A0040D2B5 /* UserModel.swift */; };
		979273F32BB1B5D00040D2B5 /* LikeCardUserModel.swift in Sources */ = {isa = PBXBuildFile; fileRef = 979273F22BB1B5D00040D2B5 /* LikeCardUserModel.swift */; };
		979273F52BB314EF0040D2B5 /* CreatedAccountDetailsEditView.swift in Sources */ = {isa = PBXBuildFile; fileRef = 979273F42BB314EF0040D2B5 /* CreatedAccountDetailsEditView.swift */; };
		9792741A2BB653820040D2B5 /* AccountCreateProgressView.swift in Sources */ = {isa = PBXBuildFile; fileRef = 979274192BB653820040D2B5 /* AccountCreateProgressView.swift */; };
		9792AEF42BCA3E1600BF3993 /* GoogleService-Info.plist in Resources */ = {isa = PBXBuildFile; fileRef = 9792AEF32BCA3E1600BF3993 /* GoogleService-Info.plist */; };
		9792AEF62BCA99FE00BF3993 /* Notification.swift in Sources */ = {isa = PBXBuildFile; fileRef = 9792AEF52BCA99FE00BF3993 /* Notification.swift */; };
		9792AEF82BCAB10900BF3993 /* MatchCardUserModel.swift in Sources */ = {isa = PBXBuildFile; fileRef = 9792AEF72BCAB10900BF3993 /* MatchCardUserModel.swift */; };
		97BE23372B96E19100027B05 /* ImagePickerView.swift in Sources */ = {isa = PBXBuildFile; fileRef = 97BE23362B96E19100027B05 /* ImagePickerView.swift */; };
/* End PBXBuildFile section */

/* Begin PBXFileReference section */
		970A152A2B92C5C8000CDE36 /* TastesEditView.swift */ = {isa = PBXFileReference; lastKnownFileType = sourcecode.swift; path = TastesEditView.swift; sourceTree = "<group>"; };
		9746D6A22BC0DACC00D0E304 /* N-Friend.entitlements */ = {isa = PBXFileReference; lastKnownFileType = text.plist.entitlements; path = "N-Friend.entitlements"; sourceTree = "<group>"; };
		974B17E22B9C4CF20012351D /* Progressview.swift */ = {isa = PBXFileReference; lastKnownFileType = sourcecode.swift; path = Progressview.swift; sourceTree = "<group>"; };
		97532FC52B8985B200BA04F9 /* N-Friend.app */ = {isa = PBXFileReference; explicitFileType = wrapper.application; includeInIndex = 0; path = "N-Friend.app"; sourceTree = BUILT_PRODUCTS_DIR; };
		97532FC82B8985B200BA04F9 /* N_FriendApp.swift */ = {isa = PBXFileReference; lastKnownFileType = sourcecode.swift; path = N_FriendApp.swift; sourceTree = "<group>"; };
		97532FCA2B8985B200BA04F9 /* ContentView.swift */ = {isa = PBXFileReference; lastKnownFileType = sourcecode.swift; path = ContentView.swift; sourceTree = "<group>"; };
		97532FCC2B8985B700BA04F9 /* Assets.xcassets */ = {isa = PBXFileReference; lastKnownFileType = folder.assetcatalog; path = Assets.xcassets; sourceTree = "<group>"; };
		97532FCF2B8985B700BA04F9 /* Preview Assets.xcassets */ = {isa = PBXFileReference; lastKnownFileType = folder.assetcatalog; path = "Preview Assets.xcassets"; sourceTree = "<group>"; };
		97532FD82B89867A00BA04F9 /* LoginView.swift */ = {isa = PBXFileReference; lastKnownFileType = sourcecode.swift; path = LoginView.swift; sourceTree = "<group>"; };
		97532FDC2B89BC8B00BA04F9 /* CardSwipeView.swift */ = {isa = PBXFileReference; lastKnownFileType = sourcecode.swift; path = CardSwipeView.swift; sourceTree = "<group>"; };
		97532FE12B89D2EB00BA04F9 /* ProfileView.swift */ = {isa = PBXFileReference; lastKnownFileType = sourcecode.swift; path = ProfileView.swift; sourceTree = "<group>"; };
		97532FE52B8A2DD700BA04F9 /* LikedMatchedView.swift */ = {isa = PBXFileReference; lastKnownFileType = sourcecode.swift; path = LikedMatchedView.swift; sourceTree = "<group>"; };
		97532FE92B8ADC4300BA04F9 /* CardUserModel.swift */ = {isa = PBXFileReference; lastKnownFileType = sourcecode.swift; path = CardUserModel.swift; sourceTree = "<group>"; };
		9753302D2B8CC62100BA04F9 /* Info.plist */ = {isa = PBXFileReference; lastKnownFileType = text.plist; path = Info.plist; sourceTree = "<group>"; };
		979273EE2BAE75170040D2B5 /* UserDetailView.swift */ = {isa = PBXFileReference; lastKnownFileType = sourcecode.swift; path = UserDetailView.swift; sourceTree = "<group>"; };
		979273F02BB10B1A0040D2B5 /* UserModel.swift */ = {isa = PBXFileReference; lastKnownFileType = sourcecode.swift; path = UserModel.swift; sourceTree = "<group>"; };
		979273F22BB1B5D00040D2B5 /* LikeCardUserModel.swift */ = {isa = PBXFileReference; lastKnownFileType = sourcecode.swift; path = LikeCardUserModel.swift; sourceTree = "<group>"; };
		979273F42BB314EF0040D2B5 /* CreatedAccountDetailsEditView.swift */ = {isa = PBXFileReference; lastKnownFileType = sourcecode.swift; path = CreatedAccountDetailsEditView.swift; sourceTree = "<group>"; };
		979274192BB653820040D2B5 /* AccountCreateProgressView.swift */ = {isa = PBXFileReference; lastKnownFileType = sourcecode.swift; path = AccountCreateProgressView.swift; sourceTree = "<group>"; };
		9792AEF32BCA3E1600BF3993 /* GoogleService-Info.plist */ = {isa = PBXFileReference; fileEncoding = 4; lastKnownFileType = text.plist.xml; path = "GoogleService-Info.plist"; sourceTree = "<group>"; };
		9792AEF52BCA99FE00BF3993 /* Notification.swift */ = {isa = PBXFileReference; lastKnownFileType = sourcecode.swift; path = Notification.swift; sourceTree = "<group>"; };
		9792AEF72BCAB10900BF3993 /* MatchCardUserModel.swift */ = {isa = PBXFileReference; lastKnownFileType = sourcecode.swift; path = MatchCardUserModel.swift; sourceTree = "<group>"; };
		97BE23362B96E19100027B05 /* ImagePickerView.swift */ = {isa = PBXFileReference; lastKnownFileType = sourcecode.swift; path = ImagePickerView.swift; sourceTree = "<group>"; };
		97ED58692B9BED9A00E8BD3E /* libapp_launch_measurement.tbd */ = {isa = PBXFileReference; lastKnownFileType = "sourcecode.text-based-dylib-definition"; name = libapp_launch_measurement.tbd; path = usr/lib/libapp_launch_measurement.tbd; sourceTree = SDKROOT; };
/* End PBXFileReference section */

/* Begin PBXFrameworksBuildPhase section */
		97532FC22B8985B200BA04F9 /* Frameworks */ = {
			isa = PBXFrameworksBuildPhase;
			buildActionMask = 2147483647;
			files = (
				9769340A2B9BFC380017BE97 /* FirebaseDatabase in Frameworks */,
				976934102B9BFC380017BE97 /* FirebaseFirestore in Frameworks */,
				9769341E2B9BFC380017BE97 /* FirebasePerformance in Frameworks */,
				976934202B9BFC380017BE97 /* FirebaseRemoteConfig in Frameworks */,
				976933FC2B9BFC380017BE97 /* FirebaseAnalyticsSwift in Frameworks */,
				976934222B9BFC380017BE97 /* FirebaseRemoteConfigSwift in Frameworks */,
				976933F82B9BFC380017BE97 /* FirebaseAnalytics in Frameworks */,
				974B17E12B9BFECA0012351D /* GoogleSignInSwift in Frameworks */,
				976933FA2B9BFC380017BE97 /* FirebaseAnalyticsOnDeviceConversion in Frameworks */,
				976934142B9BFC380017BE97 /* FirebaseFirestoreSwift in Frameworks */,
				974B17DC2B9BFEBD0012351D /* AppAuthTV in Frameworks */,
				974B17DA2B9BFEBD0012351D /* AppAuthCore in Frameworks */,
				976934002B9BFC380017BE97 /* FirebaseAppCheck in Frameworks */,
				976934262B9BFC380017BE97 /* FirebaseStorageCombine-Community in Frameworks */,
				974B17DF2B9BFECA0012351D /* GoogleSignIn in Frameworks */,
				976933FE2B9BFC380017BE97 /* FirebaseAnalyticsWithoutAdIdSupport in Frameworks */,
				976934242B9BFC380017BE97 /* FirebaseStorage in Frameworks */,
				9769341C2B9BFC380017BE97 /* FirebaseMessaging in Frameworks */,
				976934182B9BFC380017BE97 /* FirebaseInstallations in Frameworks */,
				976934042B9BFC380017BE97 /* FirebaseAuth in Frameworks */,
				976934082B9BFC380017BE97 /* FirebaseCrashlytics in Frameworks */,
				976934162B9BFC380017BE97 /* FirebaseInAppMessagingSwift-Beta in Frameworks */,
				9769340C2B9BFC380017BE97 /* FirebaseDatabaseSwift in Frameworks */,
				976934022B9BFC380017BE97 /* FirebaseAppDistribution-Beta in Frameworks */,
				974B17D82B9BFEBD0012351D /* AppAuth in Frameworks */,
				976934062B9BFC380017BE97 /* FirebaseAuthCombine-Community in Frameworks */,
				9769341A2B9BFC380017BE97 /* FirebaseMLModelDownloader in Frameworks */,
				9769340E2B9BFC380017BE97 /* FirebaseDynamicLinks in Frameworks */,
				976934122B9BFC380017BE97 /* FirebaseFirestoreCombine-Community in Frameworks */,
			);
			runOnlyForDeploymentPostprocessing = 0;
		};
/* End PBXFrameworksBuildPhase section */

/* Begin PBXGroup section */
		97532FBC2B8985B200BA04F9 = {
			isa = PBXGroup;
			children = (
				97532FC72B8985B200BA04F9 /* N-Friend */,
				97532FC62B8985B200BA04F9 /* Products */,
				97ED582E2B9BEA7700E8BD3E /* Frameworks */,
			);
			sourceTree = "<group>";
		};
		97532FC62B8985B200BA04F9 /* Products */ = {
			isa = PBXGroup;
			children = (
				97532FC52B8985B200BA04F9 /* N-Friend.app */,
			);
			name = Products;
			sourceTree = "<group>";
		};
		97532FC72B8985B200BA04F9 /* N-Friend */ = {
			isa = PBXGroup;
			children = (
				9746D6A22BC0DACC00D0E304 /* N-Friend.entitlements */,
				97532FC82B8985B200BA04F9 /* N_FriendApp.swift */,
				97532FD72B89862A00BA04F9 /* Model */,
				97532FD62B89862500BA04F9 /* View */,
				97532FCC2B8985B700BA04F9 /* Assets.xcassets */,
				9792AEF32BCA3E1600BF3993 /* GoogleService-Info.plist */,
				9753302D2B8CC62100BA04F9 /* Info.plist */,
				97532FCE2B8985B700BA04F9 /* Preview Content */,
			);
			path = "N-Friend";
			sourceTree = "<group>";
		};
		97532FCE2B8985B700BA04F9 /* Preview Content */ = {
			isa = PBXGroup;
			children = (
				97532FCF2B8985B700BA04F9 /* Preview Assets.xcassets */,
			);
			path = "Preview Content";
			sourceTree = "<group>";
		};
		97532FD62B89862500BA04F9 /* View */ = {
			isa = PBXGroup;
			children = (
				97532FD82B89867A00BA04F9 /* LoginView.swift */,
				979273F42BB314EF0040D2B5 /* CreatedAccountDetailsEditView.swift */,
				97532FCA2B8985B200BA04F9 /* ContentView.swift */,
				9792AEF52BCA99FE00BF3993 /* Notification.swift */,
				979274182BB653720040D2B5 /* Progress */,
				97532FE02B89D0EF00BA04F9 /* Card */,
				97532FE42B8A2DB600BA04F9 /* Liked */,
				97532FE32B89DDF900BA04F9 /* Profile */,
			);
			path = View;
			sourceTree = "<group>";
		};
		97532FD72B89862A00BA04F9 /* Model */ = {
			isa = PBXGroup;
			children = (
				97532FE92B8ADC4300BA04F9 /* CardUserModel.swift */,
				979273F22BB1B5D00040D2B5 /* LikeCardUserModel.swift */,
				9792AEF72BCAB10900BF3993 /* MatchCardUserModel.swift */,
				979273F02BB10B1A0040D2B5 /* UserModel.swift */,
			);
			path = Model;
			sourceTree = "<group>";
		};
		97532FE02B89D0EF00BA04F9 /* Card */ = {
			isa = PBXGroup;
			children = (
				97532FDC2B89BC8B00BA04F9 /* CardSwipeView.swift */,
			);
			path = Card;
			sourceTree = "<group>";
		};
		97532FE32B89DDF900BA04F9 /* Profile */ = {
			isa = PBXGroup;
			children = (
				97532FE12B89D2EB00BA04F9 /* ProfileView.swift */,
				97BE23362B96E19100027B05 /* ImagePickerView.swift */,
				970A152A2B92C5C8000CDE36 /* TastesEditView.swift */,
			);
			name = Profile;
			path = "N-Friend/View/Profile";
			sourceTree = SOURCE_ROOT;
		};
		97532FE42B8A2DB600BA04F9 /* Liked */ = {
			isa = PBXGroup;
			children = (
				97532FE52B8A2DD700BA04F9 /* LikedMatchedView.swift */,
				979273EE2BAE75170040D2B5 /* UserDetailView.swift */,
			);
			path = Liked;
			sourceTree = "<group>";
		};
		979274182BB653720040D2B5 /* Progress */ = {
			isa = PBXGroup;
			children = (
				979274192BB653820040D2B5 /* AccountCreateProgressView.swift */,
				974B17E22B9C4CF20012351D /* Progressview.swift */,
			);
			path = Progress;
			sourceTree = "<group>";
		};
		97ED582E2B9BEA7700E8BD3E /* Frameworks */ = {
			isa = PBXGroup;
			children = (
				97ED58692B9BED9A00E8BD3E /* libapp_launch_measurement.tbd */,
			);
			name = Frameworks;
			sourceTree = "<group>";
		};
/* End PBXGroup section */

/* Begin PBXNativeTarget section */
		97532FC42B8985B200BA04F9 /* N-Friend */ = {
			isa = PBXNativeTarget;
			buildConfigurationList = 97532FD32B8985B700BA04F9 /* Build configuration list for PBXNativeTarget "N-Friend" */;
			buildPhases = (
				97532FC12B8985B200BA04F9 /* Sources */,
				97532FC22B8985B200BA04F9 /* Frameworks */,
				97532FC32B8985B200BA04F9 /* Resources */,
			);
			buildRules = (
			);
			dependencies = (
			);
			name = "N-Friend";
			packageProductDependencies = (
				976933F72B9BFC380017BE97 /* FirebaseAnalytics */,
				976933F92B9BFC380017BE97 /* FirebaseAnalyticsOnDeviceConversion */,
				976933FB2B9BFC380017BE97 /* FirebaseAnalyticsSwift */,
				976933FD2B9BFC380017BE97 /* FirebaseAnalyticsWithoutAdIdSupport */,
				976933FF2B9BFC380017BE97 /* FirebaseAppCheck */,
				976934012B9BFC380017BE97 /* FirebaseAppDistribution-Beta */,
				976934032B9BFC380017BE97 /* FirebaseAuth */,
				976934052B9BFC380017BE97 /* FirebaseAuthCombine-Community */,
				976934072B9BFC380017BE97 /* FirebaseCrashlytics */,
				976934092B9BFC380017BE97 /* FirebaseDatabase */,
				9769340B2B9BFC380017BE97 /* FirebaseDatabaseSwift */,
				9769340D2B9BFC380017BE97 /* FirebaseDynamicLinks */,
				9769340F2B9BFC380017BE97 /* FirebaseFirestore */,
				976934112B9BFC380017BE97 /* FirebaseFirestoreCombine-Community */,
				976934132B9BFC380017BE97 /* FirebaseFirestoreSwift */,
				976934152B9BFC380017BE97 /* FirebaseInAppMessagingSwift-Beta */,
				976934172B9BFC380017BE97 /* FirebaseInstallations */,
				976934192B9BFC380017BE97 /* FirebaseMLModelDownloader */,
				9769341B2B9BFC380017BE97 /* FirebaseMessaging */,
				9769341D2B9BFC380017BE97 /* FirebasePerformance */,
				9769341F2B9BFC380017BE97 /* FirebaseRemoteConfig */,
				976934212B9BFC380017BE97 /* FirebaseRemoteConfigSwift */,
				976934232B9BFC380017BE97 /* FirebaseStorage */,
				976934252B9BFC380017BE97 /* FirebaseStorageCombine-Community */,
				974B17D72B9BFEBD0012351D /* AppAuth */,
				974B17D92B9BFEBD0012351D /* AppAuthCore */,
				974B17DB2B9BFEBD0012351D /* AppAuthTV */,
				974B17DE2B9BFECA0012351D /* GoogleSignIn */,
				974B17E02B9BFECA0012351D /* GoogleSignInSwift */,
			);
			productName = "N-Friend";
			productReference = 97532FC52B8985B200BA04F9 /* N-Friend.app */;
			productType = "com.apple.product-type.application";
		};
/* End PBXNativeTarget section */

/* Begin PBXProject section */
		97532FBD2B8985B200BA04F9 /* Project object */ = {
			isa = PBXProject;
			attributes = {
				BuildIndependentTargetsInParallel = 1;
				LastSwiftUpdateCheck = 1510;
				LastUpgradeCheck = 1510;
				TargetAttributes = {
					97532FC42B8985B200BA04F9 = {
						CreatedOnToolsVersion = 15.1;
					};
				};
			};
			buildConfigurationList = 97532FC02B8985B200BA04F9 /* Build configuration list for PBXProject "N-Friend" */;
			compatibilityVersion = "Xcode 14.0";
			developmentRegion = en;
			hasScannedForEncodings = 0;
			knownRegions = (
				en,
				Base,
			);
			mainGroup = 97532FBC2B8985B200BA04F9;
			packageReferences = (
				976933F62B9BFC380017BE97 /* XCRemoteSwiftPackageReference "firebase-ios-sdk" */,
				974B17D62B9BFEBD0012351D /* XCRemoteSwiftPackageReference "AppAuth-iOS" */,
				974B17DD2B9BFECA0012351D /* XCRemoteSwiftPackageReference "GoogleSignIn-iOS" */,
			);
			productRefGroup = 97532FC62B8985B200BA04F9 /* Products */;
			projectDirPath = "";
			projectRoot = "";
			targets = (
				97532FC42B8985B200BA04F9 /* N-Friend */,
			);
		};
/* End PBXProject section */

/* Begin PBXResourcesBuildPhase section */
		97532FC32B8985B200BA04F9 /* Resources */ = {
			isa = PBXResourcesBuildPhase;
			buildActionMask = 2147483647;
			files = (
				97532FD02B8985B700BA04F9 /* Preview Assets.xcassets in Resources */,
				97532FCD2B8985B700BA04F9 /* Assets.xcassets in Resources */,
				9792AEF42BCA3E1600BF3993 /* GoogleService-Info.plist in Resources */,
			);
			runOnlyForDeploymentPostprocessing = 0;
		};
/* End PBXResourcesBuildPhase section */

/* Begin PBXSourcesBuildPhase section */
		97532FC12B8985B200BA04F9 /* Sources */ = {
			isa = PBXSourcesBuildPhase;
			buildActionMask = 2147483647;
			files = (
				9792741A2BB653820040D2B5 /* AccountCreateProgressView.swift in Sources */,
				979273F52BB314EF0040D2B5 /* CreatedAccountDetailsEditView.swift in Sources */,
				979273F32BB1B5D00040D2B5 /* LikeCardUserModel.swift in Sources */,
				97532FDD2B89BC8B00BA04F9 /* CardSwipeView.swift in Sources */,
				9792AEF62BCA99FE00BF3993 /* Notification.swift in Sources */,
				97532FD92B89867A00BA04F9 /* LoginView.swift in Sources */,
				97BE23372B96E19100027B05 /* ImagePickerView.swift in Sources */,
				979273EF2BAE75170040D2B5 /* UserDetailView.swift in Sources */,
				97532FCB2B8985B200BA04F9 /* ContentView.swift in Sources */,
				974B17E32B9C4CF20012351D /* Progressview.swift in Sources */,
				970A152B2B92C5C8000CDE36 /* TastesEditView.swift in Sources */,
				979273F12BB10B1A0040D2B5 /* UserModel.swift in Sources */,
				9792AEF82BCAB10900BF3993 /* MatchCardUserModel.swift in Sources */,
				97532FE22B89D2EB00BA04F9 /* ProfileView.swift in Sources */,
				97532FE62B8A2DD700BA04F9 /* LikedMatchedView.swift in Sources */,
				97532FEA2B8ADC4300BA04F9 /* CardUserModel.swift in Sources */,
				97532FC92B8985B200BA04F9 /* N_FriendApp.swift in Sources */,
			);
			runOnlyForDeploymentPostprocessing = 0;
		};
/* End PBXSourcesBuildPhase section */

/* Begin XCBuildConfiguration section */
		97532FD12B8985B700BA04F9 /* Debug */ = {
			isa = XCBuildConfiguration;
			buildSettings = {
				ALWAYS_SEARCH_USER_PATHS = NO;
				ASSETCATALOG_COMPILER_GENERATE_SWIFT_ASSET_SYMBOL_EXTENSIONS = YES;
				CLANG_ANALYZER_NONNULL = YES;
				CLANG_ANALYZER_NUMBER_OBJECT_CONVERSION = YES_AGGRESSIVE;
				CLANG_CXX_LANGUAGE_STANDARD = "gnu++20";
				CLANG_ENABLE_MODULES = YES;
				CLANG_ENABLE_OBJC_ARC = YES;
				CLANG_ENABLE_OBJC_WEAK = YES;
				CLANG_WARN_BLOCK_CAPTURE_AUTORELEASING = YES;
				CLANG_WARN_BOOL_CONVERSION = YES;
				CLANG_WARN_COMMA = YES;
				CLANG_WARN_CONSTANT_CONVERSION = YES;
				CLANG_WARN_DEPRECATED_OBJC_IMPLEMENTATIONS = YES;
				CLANG_WARN_DIRECT_OBJC_ISA_USAGE = YES_ERROR;
				CLANG_WARN_DOCUMENTATION_COMMENTS = YES;
				CLANG_WARN_EMPTY_BODY = YES;
				CLANG_WARN_ENUM_CONVERSION = YES;
				CLANG_WARN_INFINITE_RECURSION = YES;
				CLANG_WARN_INT_CONVERSION = YES;
				CLANG_WARN_NON_LITERAL_NULL_CONVERSION = YES;
				CLANG_WARN_OBJC_IMPLICIT_RETAIN_SELF = YES;
				CLANG_WARN_OBJC_LITERAL_CONVERSION = YES;
				CLANG_WARN_OBJC_ROOT_CLASS = YES_ERROR;
				CLANG_WARN_QUOTED_INCLUDE_IN_FRAMEWORK_HEADER = YES;
				CLANG_WARN_RANGE_LOOP_ANALYSIS = YES;
				CLANG_WARN_STRICT_PROTOTYPES = YES;
				CLANG_WARN_SUSPICIOUS_MOVE = YES;
				CLANG_WARN_UNGUARDED_AVAILABILITY = YES_AGGRESSIVE;
				CLANG_WARN_UNREACHABLE_CODE = YES;
				CLANG_WARN__DUPLICATE_METHOD_MATCH = YES;
				COPY_PHASE_STRIP = NO;
				DEBUG_INFORMATION_FORMAT = dwarf;
				ENABLE_STRICT_OBJC_MSGSEND = YES;
				ENABLE_TESTABILITY = YES;
				ENABLE_USER_SCRIPT_SANDBOXING = YES;
				GCC_C_LANGUAGE_STANDARD = gnu17;
				GCC_DYNAMIC_NO_PIC = NO;
				GCC_NO_COMMON_BLOCKS = YES;
				GCC_OPTIMIZATION_LEVEL = 0;
				GCC_PREPROCESSOR_DEFINITIONS = (
					"DEBUG=1",
					"$(inherited)",
				);
				GCC_WARN_64_TO_32_BIT_CONVERSION = YES;
				GCC_WARN_ABOUT_RETURN_TYPE = YES_ERROR;
				GCC_WARN_UNDECLARED_SELECTOR = YES;
				GCC_WARN_UNINITIALIZED_AUTOS = YES_AGGRESSIVE;
				GCC_WARN_UNUSED_FUNCTION = YES;
				GCC_WARN_UNUSED_VARIABLE = YES;
				IPHONEOS_DEPLOYMENT_TARGET = 17.2;
				LOCALIZATION_PREFERS_STRING_CATALOGS = YES;
				MTL_ENABLE_DEBUG_INFO = INCLUDE_SOURCE;
				MTL_FAST_MATH = YES;
				ONLY_ACTIVE_ARCH = YES;
				SDKROOT = iphoneos;
				SWIFT_ACTIVE_COMPILATION_CONDITIONS = "DEBUG $(inherited)";
				SWIFT_OPTIMIZATION_LEVEL = "-Onone";
			};
			name = Debug;
		};
		97532FD22B8985B700BA04F9 /* Release */ = {
			isa = XCBuildConfiguration;
			buildSettings = {
				ALWAYS_SEARCH_USER_PATHS = NO;
				ASSETCATALOG_COMPILER_GENERATE_SWIFT_ASSET_SYMBOL_EXTENSIONS = YES;
				CLANG_ANALYZER_NONNULL = YES;
				CLANG_ANALYZER_NUMBER_OBJECT_CONVERSION = YES_AGGRESSIVE;
				CLANG_CXX_LANGUAGE_STANDARD = "gnu++20";
				CLANG_ENABLE_MODULES = YES;
				CLANG_ENABLE_OBJC_ARC = YES;
				CLANG_ENABLE_OBJC_WEAK = YES;
				CLANG_WARN_BLOCK_CAPTURE_AUTORELEASING = YES;
				CLANG_WARN_BOOL_CONVERSION = YES;
				CLANG_WARN_COMMA = YES;
				CLANG_WARN_CONSTANT_CONVERSION = YES;
				CLANG_WARN_DEPRECATED_OBJC_IMPLEMENTATIONS = YES;
				CLANG_WARN_DIRECT_OBJC_ISA_USAGE = YES_ERROR;
				CLANG_WARN_DOCUMENTATION_COMMENTS = YES;
				CLANG_WARN_EMPTY_BODY = YES;
				CLANG_WARN_ENUM_CONVERSION = YES;
				CLANG_WARN_INFINITE_RECURSION = YES;
				CLANG_WARN_INT_CONVERSION = YES;
				CLANG_WARN_NON_LITERAL_NULL_CONVERSION = YES;
				CLANG_WARN_OBJC_IMPLICIT_RETAIN_SELF = YES;
				CLANG_WARN_OBJC_LITERAL_CONVERSION = YES;
				CLANG_WARN_OBJC_ROOT_CLASS = YES_ERROR;
				CLANG_WARN_QUOTED_INCLUDE_IN_FRAMEWORK_HEADER = YES;
				CLANG_WARN_RANGE_LOOP_ANALYSIS = YES;
				CLANG_WARN_STRICT_PROTOTYPES = YES;
				CLANG_WARN_SUSPICIOUS_MOVE = YES;
				CLANG_WARN_UNGUARDED_AVAILABILITY = YES_AGGRESSIVE;
				CLANG_WARN_UNREACHABLE_CODE = YES;
				CLANG_WARN__DUPLICATE_METHOD_MATCH = YES;
				COPY_PHASE_STRIP = NO;
				DEBUG_INFORMATION_FORMAT = "dwarf-with-dsym";
				ENABLE_NS_ASSERTIONS = NO;
				ENABLE_STRICT_OBJC_MSGSEND = YES;
				ENABLE_USER_SCRIPT_SANDBOXING = YES;
				GCC_C_LANGUAGE_STANDARD = gnu17;
				GCC_NO_COMMON_BLOCKS = YES;
				GCC_WARN_64_TO_32_BIT_CONVERSION = YES;
				GCC_WARN_ABOUT_RETURN_TYPE = YES_ERROR;
				GCC_WARN_UNDECLARED_SELECTOR = YES;
				GCC_WARN_UNINITIALIZED_AUTOS = YES_AGGRESSIVE;
				GCC_WARN_UNUSED_FUNCTION = YES;
				GCC_WARN_UNUSED_VARIABLE = YES;
				IPHONEOS_DEPLOYMENT_TARGET = 17.2;
				LOCALIZATION_PREFERS_STRING_CATALOGS = YES;
				MTL_ENABLE_DEBUG_INFO = NO;
				MTL_FAST_MATH = YES;
				SDKROOT = iphoneos;
				SWIFT_COMPILATION_MODE = wholemodule;
				VALIDATE_PRODUCT = YES;
			};
			name = Release;
		};
		97532FD42B8985B700BA04F9 /* Debug */ = {
			isa = XCBuildConfiguration;
			buildSettings = {
				ASSETCATALOG_COMPILER_APPICON_NAME = AppIcon;
				ASSETCATALOG_COMPILER_GLOBAL_ACCENT_COLOR_NAME = AccentColor;
				CODE_SIGN_ENTITLEMENTS = "N-Friend/N-Friend.entitlements";
				CODE_SIGN_STYLE = Automatic;
				CURRENT_PROJECT_VERSION = 1;
				DEVELOPMENT_ASSET_PATHS = "\"N-Friend/Preview Content\"";
				DEVELOPMENT_TEAM = 5J3QQSZVVN;
				ENABLE_PREVIEWS = YES;
				GENERATE_INFOPLIST_FILE = YES;
				INFOPLIST_FILE = "N-Friend/Info.plist";
				INFOPLIST_KEY_UIApplicationSceneManifest_Generation = YES;
				INFOPLIST_KEY_UIApplicationSupportsIndirectInputEvents = YES;
				INFOPLIST_KEY_UILaunchScreen_Generation = YES;
				INFOPLIST_KEY_UISupportedInterfaceOrientations_iPad = "UIInterfaceOrientationPortrait UIInterfaceOrientationPortraitUpsideDown UIInterfaceOrientationLandscapeLeft UIInterfaceOrientationLandscapeRight";
				INFOPLIST_KEY_UISupportedInterfaceOrientations_iPhone = "UIInterfaceOrientationPortrait UIInterfaceOrientationLandscapeLeft UIInterfaceOrientationLandscapeRight";
				IPHONEOS_DEPLOYMENT_TARGET = 17.3;
				LD_RUNPATH_SEARCH_PATHS = (
					"$(inherited)",
					"@executable_path/Frameworks",
				);
				MARKETING_VERSION = 1.0;
				PRODUCT_BUNDLE_IDENTIFIER = "kaito.N-Friend";
				PRODUCT_NAME = "$(TARGET_NAME)";
				SWIFT_EMIT_LOC_STRINGS = YES;
				SWIFT_VERSION = 5.0;
				TARGETED_DEVICE_FAMILY = "1,2";
			};
			name = Debug;
		};
		97532FD52B8985B700BA04F9 /* Release */ = {
			isa = XCBuildConfiguration;
			buildSettings = {
				ASSETCATALOG_COMPILER_APPICON_NAME = AppIcon;
				ASSETCATALOG_COMPILER_GLOBAL_ACCENT_COLOR_NAME = AccentColor;
				CODE_SIGN_ENTITLEMENTS = "N-Friend/N-Friend.entitlements";
				CODE_SIGN_STYLE = Automatic;
				CURRENT_PROJECT_VERSION = 1;
				DEVELOPMENT_ASSET_PATHS = "\"N-Friend/Preview Content\"";
				DEVELOPMENT_TEAM = 5J3QQSZVVN;
				ENABLE_PREVIEWS = YES;
				GENERATE_INFOPLIST_FILE = YES;
				INFOPLIST_FILE = "N-Friend/Info.plist";
				INFOPLIST_KEY_UIApplicationSceneManifest_Generation = YES;
				INFOPLIST_KEY_UIApplicationSupportsIndirectInputEvents = YES;
				INFOPLIST_KEY_UILaunchScreen_Generation = YES;
				INFOPLIST_KEY_UISupportedInterfaceOrientations_iPad = "UIInterfaceOrientationPortrait UIInterfaceOrientationPortraitUpsideDown UIInterfaceOrientationLandscapeLeft UIInterfaceOrientationLandscapeRight";
				INFOPLIST_KEY_UISupportedInterfaceOrientations_iPhone = "UIInterfaceOrientationPortrait UIInterfaceOrientationLandscapeLeft UIInterfaceOrientationLandscapeRight";
				IPHONEOS_DEPLOYMENT_TARGET = 17.3;
				LD_RUNPATH_SEARCH_PATHS = (
					"$(inherited)",
					"@executable_path/Frameworks",
				);
				MARKETING_VERSION = 1.0;
				PRODUCT_BUNDLE_IDENTIFIER = "kaito.N-Friend";
				PRODUCT_NAME = "$(TARGET_NAME)";
				SWIFT_EMIT_LOC_STRINGS = YES;
				SWIFT_VERSION = 5.0;
				TARGETED_DEVICE_FAMILY = "1,2";
			};
			name = Release;
		};
/* End XCBuildConfiguration section */

/* Begin XCConfigurationList section */
		97532FC02B8985B200BA04F9 /* Build configuration list for PBXProject "N-Friend" */ = {
			isa = XCConfigurationList;
			buildConfigurations = (
				97532FD12B8985B700BA04F9 /* Debug */,
				97532FD22B8985B700BA04F9 /* Release */,
			);
			defaultConfigurationIsVisible = 0;
			defaultConfigurationName = Release;
		};
		97532FD32B8985B700BA04F9 /* Build configuration list for PBXNativeTarget "N-Friend" */ = {
			isa = XCConfigurationList;
			buildConfigurations = (
				97532FD42B8985B700BA04F9 /* Debug */,
				97532FD52B8985B700BA04F9 /* Release */,
			);
			defaultConfigurationIsVisible = 0;
			defaultConfigurationName = Release;
		};
/* End XCConfigurationList section */

/* Begin XCRemoteSwiftPackageReference section */
		974B17D62B9BFEBD0012351D /* XCRemoteSwiftPackageReference "AppAuth-iOS" */ = {
			isa = XCRemoteSwiftPackageReference;
			repositoryURL = "https://github.com/openid/AppAuth-iOS.git";
			requirement = {
				kind = upToNextMajorVersion;
				minimumVersion = 1.7.1;
			};
		};
		974B17DD2B9BFECA0012351D /* XCRemoteSwiftPackageReference "GoogleSignIn-iOS" */ = {
			isa = XCRemoteSwiftPackageReference;
			repositoryURL = "https://github.com/google/GoogleSignIn-iOS.git";
			requirement = {
				kind = upToNextMajorVersion;
				minimumVersion = 7.0.0;
			};
		};
		976933F62B9BFC380017BE97 /* XCRemoteSwiftPackageReference "firebase-ios-sdk" */ = {
			isa = XCRemoteSwiftPackageReference;
			repositoryURL = "https://github.com/firebase/firebase-ios-sdk";
			requirement = {
				kind = upToNextMajorVersion;
				minimumVersion = 10.22.1;
			};
		};
/* End XCRemoteSwiftPackageReference section */

/* Begin XCSwiftPackageProductDependency section */
		974B17D72B9BFEBD0012351D /* AppAuth */ = {
			isa = XCSwiftPackageProductDependency;
			package = 974B17D62B9BFEBD0012351D /* XCRemoteSwiftPackageReference "AppAuth-iOS" */;
			productName = AppAuth;
		};
		974B17D92B9BFEBD0012351D /* AppAuthCore */ = {
			isa = XCSwiftPackageProductDependency;
			package = 974B17D62B9BFEBD0012351D /* XCRemoteSwiftPackageReference "AppAuth-iOS" */;
			productName = AppAuthCore;
		};
		974B17DB2B9BFEBD0012351D /* AppAuthTV */ = {
			isa = XCSwiftPackageProductDependency;
			package = 974B17D62B9BFEBD0012351D /* XCRemoteSwiftPackageReference "AppAuth-iOS" */;
			productName = AppAuthTV;
		};
		974B17DE2B9BFECA0012351D /* GoogleSignIn */ = {
			isa = XCSwiftPackageProductDependency;
			package = 974B17DD2B9BFECA0012351D /* XCRemoteSwiftPackageReference "GoogleSignIn-iOS" */;
			productName = GoogleSignIn;
		};
		974B17E02B9BFECA0012351D /* GoogleSignInSwift */ = {
			isa = XCSwiftPackageProductDependency;
			package = 974B17DD2B9BFECA0012351D /* XCRemoteSwiftPackageReference "GoogleSignIn-iOS" */;
			productName = GoogleSignInSwift;
		};
		976933F72B9BFC380017BE97 /* FirebaseAnalytics */ = {
			isa = XCSwiftPackageProductDependency;
			package = 976933F62B9BFC380017BE97 /* XCRemoteSwiftPackageReference "firebase-ios-sdk" */;
			productName = FirebaseAnalytics;
		};
		976933F92B9BFC380017BE97 /* FirebaseAnalyticsOnDeviceConversion */ = {
			isa = XCSwiftPackageProductDependency;
			package = 976933F62B9BFC380017BE97 /* XCRemoteSwiftPackageReference "firebase-ios-sdk" */;
			productName = FirebaseAnalyticsOnDeviceConversion;
		};
		976933FB2B9BFC380017BE97 /* FirebaseAnalyticsSwift */ = {
			isa = XCSwiftPackageProductDependency;
			package = 976933F62B9BFC380017BE97 /* XCRemoteSwiftPackageReference "firebase-ios-sdk" */;
			productName = FirebaseAnalyticsSwift;
		};
		976933FD2B9BFC380017BE97 /* FirebaseAnalyticsWithoutAdIdSupport */ = {
			isa = XCSwiftPackageProductDependency;
			package = 976933F62B9BFC380017BE97 /* XCRemoteSwiftPackageReference "firebase-ios-sdk" */;
			productName = FirebaseAnalyticsWithoutAdIdSupport;
		};
		976933FF2B9BFC380017BE97 /* FirebaseAppCheck */ = {
			isa = XCSwiftPackageProductDependency;
			package = 976933F62B9BFC380017BE97 /* XCRemoteSwiftPackageReference "firebase-ios-sdk" */;
			productName = FirebaseAppCheck;
		};
		976934012B9BFC380017BE97 /* FirebaseAppDistribution-Beta */ = {
			isa = XCSwiftPackageProductDependency;
			package = 976933F62B9BFC380017BE97 /* XCRemoteSwiftPackageReference "firebase-ios-sdk" */;
			productName = "FirebaseAppDistribution-Beta";
		};
		976934032B9BFC380017BE97 /* FirebaseAuth */ = {
			isa = XCSwiftPackageProductDependency;
			package = 976933F62B9BFC380017BE97 /* XCRemoteSwiftPackageReference "firebase-ios-sdk" */;
			productName = FirebaseAuth;
		};
		976934052B9BFC380017BE97 /* FirebaseAuthCombine-Community */ = {
			isa = XCSwiftPackageProductDependency;
			package = 976933F62B9BFC380017BE97 /* XCRemoteSwiftPackageReference "firebase-ios-sdk" */;
			productName = "FirebaseAuthCombine-Community";
		};
		976934072B9BFC380017BE97 /* FirebaseCrashlytics */ = {
			isa = XCSwiftPackageProductDependency;
			package = 976933F62B9BFC380017BE97 /* XCRemoteSwiftPackageReference "firebase-ios-sdk" */;
			productName = FirebaseCrashlytics;
		};
		976934092B9BFC380017BE97 /* FirebaseDatabase */ = {
			isa = XCSwiftPackageProductDependency;
			package = 976933F62B9BFC380017BE97 /* XCRemoteSwiftPackageReference "firebase-ios-sdk" */;
			productName = FirebaseDatabase;
		};
		9769340B2B9BFC380017BE97 /* FirebaseDatabaseSwift */ = {
			isa = XCSwiftPackageProductDependency;
			package = 976933F62B9BFC380017BE97 /* XCRemoteSwiftPackageReference "firebase-ios-sdk" */;
			productName = FirebaseDatabaseSwift;
		};
		9769340D2B9BFC380017BE97 /* FirebaseDynamicLinks */ = {
			isa = XCSwiftPackageProductDependency;
			package = 976933F62B9BFC380017BE97 /* XCRemoteSwiftPackageReference "firebase-ios-sdk" */;
			productName = FirebaseDynamicLinks;
		};
		9769340F2B9BFC380017BE97 /* FirebaseFirestore */ = {
			isa = XCSwiftPackageProductDependency;
			package = 976933F62B9BFC380017BE97 /* XCRemoteSwiftPackageReference "firebase-ios-sdk" */;
			productName = FirebaseFirestore;
		};
		976934112B9BFC380017BE97 /* FirebaseFirestoreCombine-Community */ = {
			isa = XCSwiftPackageProductDependency;
			package = 976933F62B9BFC380017BE97 /* XCRemoteSwiftPackageReference "firebase-ios-sdk" */;
			productName = "FirebaseFirestoreCombine-Community";
		};
		976934132B9BFC380017BE97 /* FirebaseFirestoreSwift */ = {
			isa = XCSwiftPackageProductDependency;
			package = 976933F62B9BFC380017BE97 /* XCRemoteSwiftPackageReference "firebase-ios-sdk" */;
			productName = FirebaseFirestoreSwift;
		};
		976934152B9BFC380017BE97 /* FirebaseInAppMessagingSwift-Beta */ = {
			isa = XCSwiftPackageProductDependency;
			package = 976933F62B9BFC380017BE97 /* XCRemoteSwiftPackageReference "firebase-ios-sdk" */;
			productName = "FirebaseInAppMessagingSwift-Beta";
		};
		976934172B9BFC380017BE97 /* FirebaseInstallations */ = {
			isa = XCSwiftPackageProductDependency;
			package = 976933F62B9BFC380017BE97 /* XCRemoteSwiftPackageReference "firebase-ios-sdk" */;
			productName = FirebaseInstallations;
		};
		976934192B9BFC380017BE97 /* FirebaseMLModelDownloader */ = {
			isa = XCSwiftPackageProductDependency;
			package = 976933F62B9BFC380017BE97 /* XCRemoteSwiftPackageReference "firebase-ios-sdk" */;
			productName = FirebaseMLModelDownloader;
		};
		9769341B2B9BFC380017BE97 /* FirebaseMessaging */ = {
			isa = XCSwiftPackageProductDependency;
			package = 976933F62B9BFC380017BE97 /* XCRemoteSwiftPackageReference "firebase-ios-sdk" */;
			productName = FirebaseMessaging;
		};
		9769341D2B9BFC380017BE97 /* FirebasePerformance */ = {
			isa = XCSwiftPackageProductDependency;
			package = 976933F62B9BFC380017BE97 /* XCRemoteSwiftPackageReference "firebase-ios-sdk" */;
			productName = FirebasePerformance;
		};
		9769341F2B9BFC380017BE97 /* FirebaseRemoteConfig */ = {
			isa = XCSwiftPackageProductDependency;
			package = 976933F62B9BFC380017BE97 /* XCRemoteSwiftPackageReference "firebase-ios-sdk" */;
			productName = FirebaseRemoteConfig;
		};
		976934212B9BFC380017BE97 /* FirebaseRemoteConfigSwift */ = {
			isa = XCSwiftPackageProductDependency;
			package = 976933F62B9BFC380017BE97 /* XCRemoteSwiftPackageReference "firebase-ios-sdk" */;
			productName = FirebaseRemoteConfigSwift;
		};
		976934232B9BFC380017BE97 /* FirebaseStorage */ = {
			isa = XCSwiftPackageProductDependency;
			package = 976933F62B9BFC380017BE97 /* XCRemoteSwiftPackageReference "firebase-ios-sdk" */;
			productName = FirebaseStorage;
		};
		976934252B9BFC380017BE97 /* FirebaseStorageCombine-Community */ = {
			isa = XCSwiftPackageProductDependency;
			package = 976933F62B9BFC380017BE97 /* XCRemoteSwiftPackageReference "firebase-ios-sdk" */;
			productName = "FirebaseStorageCombine-Community";
		};
/* End XCSwiftPackageProductDependency section */
	};
	rootObject = 97532FBD2B8985B200BA04F9 /* Project object */;
}
